// !$*UTF8*$!
{
	archiveVersion = 1;
	classes = {
	};
	objectVersion = 56;
	objects = {

/* Begin PBXBuildFile section */
		B609EED12CC6A6A600A029E8 /* ScavengerHuntManager.swift in Sources */ = {isa = PBXBuildFile; fileRef = B609EED02CC6A6A600A029E8 /* ScavengerHuntManager.swift */; };
		B609EED32CC6FAA700A029E8 /* ScavengerHuntMapViewModel.swift in Sources */ = {isa = PBXBuildFile; fileRef = B609EED22CC6FAA700A029E8 /* ScavengerHuntMapViewModel.swift */; };
		B609EED62CC79A4300A029E8 /* TaskLocationPage.swift in Sources */ = {isa = PBXBuildFile; fileRef = B609EED52CC79A4200A029E8 /* TaskLocationPage.swift */; };
		B609EED82CC79C3800A029E8 /* TaskLocationPageViewModel.swift in Sources */ = {isa = PBXBuildFile; fileRef = B609EED72CC79C3800A029E8 /* TaskLocationPageViewModel.swift */; };
		B609EEDB2CC7E1B700A029E8 /* ImageBasedLearningPage.swift in Sources */ = {isa = PBXBuildFile; fileRef = B609EEDA2CC7E1B700A029E8 /* ImageBasedLearningPage.swift */; };
		B609EEDD2CC7E1CC00A029E8 /* ImageBasedLearningPageViewModel.swift in Sources */ = {isa = PBXBuildFile; fileRef = B609EEDC2CC7E1CC00A029E8 /* ImageBasedLearningPageViewModel.swift */; };
		B609EEE22CC8359B00A029E8 /* SnapVocabularyPage.swift in Sources */ = {isa = PBXBuildFile; fileRef = B609EEE12CC8359B00A029E8 /* SnapVocabularyPage.swift */; };
		B609EEE42CC835AD00A029E8 /* SnapVocabularyPageViewModel.swift in Sources */ = {isa = PBXBuildFile; fileRef = B609EEE32CC835AD00A029E8 /* SnapVocabularyPageViewModel.swift */; };
		B609EEE72CC83D4400A029E8 /* EducationalGames.swift in Sources */ = {isa = PBXBuildFile; fileRef = B609EEE62CC83D4400A029E8 /* EducationalGames.swift */; };
		B609EEE92CC83D5D00A029E8 /* EducationalGamesPageViewModel.swift in Sources */ = {isa = PBXBuildFile; fileRef = B609EEE82CC83D5D00A029E8 /* EducationalGamesPageViewModel.swift */; };
		B609EEEC2CC83F3100A029E8 /* LinguaQuestPage.swift in Sources */ = {isa = PBXBuildFile; fileRef = B609EEEB2CC83F3100A029E8 /* LinguaQuestPage.swift */; };
		B609EEEE2CC83F7B00A029E8 /* LinguaQuestPageViewModel.swift in Sources */ = {isa = PBXBuildFile; fileRef = B609EEED2CC83F7B00A029E8 /* LinguaQuestPageViewModel.swift */; };
		B609EEF02CC8FD0C00A029E8 /* ImageBasedTask.swift in Sources */ = {isa = PBXBuildFile; fileRef = B609EEEF2CC8FD0C00A029E8 /* ImageBasedTask.swift */; };
		B609EEF22CC910FD00A029E8 /* MultipleChoiceView.swift in Sources */ = {isa = PBXBuildFile; fileRef = B609EEF12CC910FD00A029E8 /* MultipleChoiceView.swift */; };
		B609EEF42CC93F6E00A029E8 /* TaskProcessManager.swift in Sources */ = {isa = PBXBuildFile; fileRef = B609EEF32CC93F6E00A029E8 /* TaskProcessManager.swift */; };
		B60F8AA02CB5CC2600268D75 /* SignupSuccessPage.swift in Sources */ = {isa = PBXBuildFile; fileRef = B60F8A9F2CB5CC2600268D75 /* SignupSuccessPage.swift */; };
		B60F8AA32CB5D55300268D75 /* Lottie in Frameworks */ = {isa = PBXBuildFile; productRef = B60F8AA22CB5D55300268D75 /* Lottie */; };
		B60F8AA92CB5DDF000268D75 /* checkAnimation.json in Resources */ = {isa = PBXBuildFile; fileRef = B60F8AA82CB5DDEF00268D75 /* checkAnimation.json */; };
		B60F8AAC2CB7D77900268D75 /* MapViewController.swift in Sources */ = {isa = PBXBuildFile; fileRef = B60F8AAB2CB7D77900268D75 /* MapViewController.swift */; };
		B60F8AAE2CB7D7BB00268D75 /* MapViewControllerBridge.swift in Sources */ = {isa = PBXBuildFile; fileRef = B60F8AAD2CB7D7BB00268D75 /* MapViewControllerBridge.swift */; };
		B60F8AB02CB7D8E200268D75 /* ScavengerHuntMap.swift in Sources */ = {isa = PBXBuildFile; fileRef = B60F8AAF2CB7D8E200268D75 /* ScavengerHuntMap.swift */; };
		B60F8AB32CB7DAE800268D75 /* GoogleMaps in Frameworks */ = {isa = PBXBuildFile; productRef = B60F8AB22CB7DAE800268D75 /* GoogleMaps */; };
		B60F8AB52CB7E85A00268D75 /* PointOfInterest.swift in Sources */ = {isa = PBXBuildFile; fileRef = B60F8AB42CB7E85900268D75 /* PointOfInterest.swift */; };
		B60F8AB92CB8196300268D75 /* ScavengerHuntOverviewPage.swift in Sources */ = {isa = PBXBuildFile; fileRef = B60F8AB82CB8196200268D75 /* ScavengerHuntOverviewPage.swift */; };
		B60F8ABB2CBA9D8600268D75 /* ScavengerHuntOverviewPageViewModel.swift in Sources */ = {isa = PBXBuildFile; fileRef = B60F8ABA2CBA9D8600268D75 /* ScavengerHuntOverviewPageViewModel.swift */; };
		B60F8ABE2CBAB7ED00268D75 /* WriteVocabularyView.swift in Sources */ = {isa = PBXBuildFile; fileRef = B60F8ABD2CBAB7ED00268D75 /* WriteVocabularyView.swift */; };
		B60F8AC12CBAB82100268D75 /* ResultSheetView.swift in Sources */ = {isa = PBXBuildFile; fileRef = B60F8AC02CBAB82100268D75 /* ResultSheetView.swift */; };
		B60F8AC32CBAB84F00268D75 /* ResultSheetViewModel.swift in Sources */ = {isa = PBXBuildFile; fileRef = B60F8AC22CBAB84F00268D75 /* ResultSheetViewModel.swift */; };
		B60F8ACB2CBC854000268D75 /* SentenceBuildingView.swift in Sources */ = {isa = PBXBuildFile; fileRef = B60F8ACA2CBC854000268D75 /* SentenceBuildingView.swift */; };
		B60F8ACD2CBC8AF800268D75 /* VocabularyTraining.swift in Sources */ = {isa = PBXBuildFile; fileRef = B60F8ACC2CBC8AF800268D75 /* VocabularyTraining.swift */; };
		B60F8ACF2CBD09DB00268D75 /* VocabularyTrainingPage.swift in Sources */ = {isa = PBXBuildFile; fileRef = B60F8ACE2CBD09DB00268D75 /* VocabularyTrainingPage.swift */; };
		B60F8AD12CBD0A6700268D75 /* VocabularyTrainingPageViewModel.swift in Sources */ = {isa = PBXBuildFile; fileRef = B60F8AD02CBD0A6700268D75 /* VocabularyTrainingPageViewModel.swift */; };
		B60F8AD32CBD108F00268D75 /* ListeningComprehensionPage.swift in Sources */ = {isa = PBXBuildFile; fileRef = B60F8AD22CBD108F00268D75 /* ListeningComprehensionPage.swift */; };
		B60F8AD62CBD10BC00268D75 /* ListeningComprehensionPageViewModel.swift in Sources */ = {isa = PBXBuildFile; fileRef = B60F8AD52CBD10BC00268D75 /* ListeningComprehensionPageViewModel.swift */; };
		B60F8AD82CBD55CF00268D75 /* AudioPlayerView.swift in Sources */ = {isa = PBXBuildFile; fileRef = B60F8AD72CBD55CE00268D75 /* AudioPlayerView.swift */; };
		B60F8ADB2CBDA9F700268D75 /* ConversationSimulationPage.swift in Sources */ = {isa = PBXBuildFile; fileRef = B60F8ADA2CBDA9F700268D75 /* ConversationSimulationPage.swift */; };
		B60F8ADD2CBDAA0C00268D75 /* ConversationSimulationPageViewModel.swift in Sources */ = {isa = PBXBuildFile; fileRef = B60F8ADC2CBDAA0C00268D75 /* ConversationSimulationPageViewModel.swift */; };
		B60F8ADF2CBDCDDD00268D75 /* SpeechRecognizer.swift in Sources */ = {isa = PBXBuildFile; fileRef = B60F8ADE2CBDCDDD00268D75 /* SpeechRecognizer.swift */; };
		B60F8AE12CBE6B9200268D75 /* OpenAIServiceProvider.swift in Sources */ = {isa = PBXBuildFile; fileRef = B60F8AE02CBE6B9200268D75 /* OpenAIServiceProvider.swift */; };
		B60F8AE32CBFC36E00268D75 /* AudioPlayer.swift in Sources */ = {isa = PBXBuildFile; fileRef = B60F8AE22CBFC36E00268D75 /* AudioPlayer.swift */; };
		B60F8AE52CBFE76200268D75 /* ConversationSimulationManager.swift in Sources */ = {isa = PBXBuildFile; fileRef = B60F8AE42CBFE76200268D75 /* ConversationSimulationManager.swift */; };
		B60F8AE82CBFE7B300268D75 /* RoleOptionsResponse.swift in Sources */ = {isa = PBXBuildFile; fileRef = B60F8AE72CBFE7B300268D75 /* RoleOptionsResponse.swift */; };
		B60F8AEA2CBFE85300268D75 /* ConversationResponse.swift in Sources */ = {isa = PBXBuildFile; fileRef = B60F8AE92CBFE85300268D75 /* ConversationResponse.swift */; };
		B61D30F92CDB6E950095CBC7 /* LeaderboardService.swift in Sources */ = {isa = PBXBuildFile; fileRef = B61D30F82CDB6E950095CBC7 /* LeaderboardService.swift */; };
		B61ED9DD2CD6151E00E71258 /* ShareImageForTaskPage.swift in Sources */ = {isa = PBXBuildFile; fileRef = B61ED9DC2CD6151E00E71258 /* ShareImageForTaskPage.swift */; };
		B61ED9DF2CD6152C00E71258 /* ShareImageForTaskPageViewModel.swift in Sources */ = {isa = PBXBuildFile; fileRef = B61ED9DE2CD6152C00E71258 /* ShareImageForTaskPageViewModel.swift */; };
		B61ED9E12CD62CF700E71258 /* ImageBasedTaskNearMePage.swift in Sources */ = {isa = PBXBuildFile; fileRef = B61ED9E02CD62CF700E71258 /* ImageBasedTaskNearMePage.swift */; };
		B61ED9E32CD62D1C00E71258 /* ImageBasedTaskNearMePageViewModel.swift in Sources */ = {isa = PBXBuildFile; fileRef = B61ED9E22CD62D1C00E71258 /* ImageBasedTaskNearMePageViewModel.swift */; };
		B63874FB2CB0581A006B3364 /* SwiftOpenAI in Frameworks */ = {isa = PBXBuildFile; productRef = B63874FA2CB0581A006B3364 /* SwiftOpenAI */; };
		B63874FD2CB059B7006B3364 /* SwiftOpenAI in Frameworks */ = {isa = PBXBuildFile; productRef = B63874FC2CB059B7006B3364 /* SwiftOpenAI */; };
		B63875002CB06838006B3364 /* SwiftOpenAI in Frameworks */ = {isa = PBXBuildFile; productRef = B63874FF2CB06838006B3364 /* SwiftOpenAI */; };
		B63875022CB09A22006B3364 /* SwiftOpenAI in Frameworks */ = {isa = PBXBuildFile; productRef = B63875012CB09A22006B3364 /* SwiftOpenAI */; };
		B63875052CB09A3F006B3364 /* SwiftOpenAI in Frameworks */ = {isa = PBXBuildFile; productRef = B63875042CB09A3F006B3364 /* SwiftOpenAI */; };
		B6401FEC2CD4EA1F00A6FEA9 /* ConversationEvaluationView.swift in Sources */ = {isa = PBXBuildFile; fileRef = B6401FEB2CD4EA1F00A6FEA9 /* ConversationEvaluationView.swift */; };
		B651F3FA2CCFC95300471D78 /* ListeningTaskEvaluationView.swift in Sources */ = {isa = PBXBuildFile; fileRef = B651F3F92CCFC95300471D78 /* ListeningTaskEvaluationView.swift */; };
		B6585AD12CCE7D3000B47299 /* ImageProcessingManager.swift in Sources */ = {isa = PBXBuildFile; fileRef = B6585AD02CCE7D3000B47299 /* ImageProcessingManager.swift */; };
		B6595B702CD0E1BF004816E8 /* Alamofire in Frameworks */ = {isa = PBXBuildFile; productRef = B6595B6F2CD0E1BF004816E8 /* Alamofire */; };
		B6595B722CD0EB38004816E8 /* CameraView.swift in Sources */ = {isa = PBXBuildFile; fileRef = B6595B712CD0EB37004816E8 /* CameraView.swift */; };
		B66D67822CC059D200F70A56 /* ActivityIndicatorView in Frameworks */ = {isa = PBXBuildFile; productRef = B66D67812CC059D200F70A56 /* ActivityIndicatorView */; };
		B66D67842CC05FCB00F70A56 /* ActivityIndicatorModifier.swift in Sources */ = {isa = PBXBuildFile; fileRef = B66D67832CC05FCB00F70A56 /* ActivityIndicatorModifier.swift */; };
		B66D67862CC25BDF00F70A56 /* VocabularyManager.swift in Sources */ = {isa = PBXBuildFile; fileRef = B66D67852CC25BDF00F70A56 /* VocabularyManager.swift */; };
		B66D67882CC2A13900F70A56 /* TestData.swift in Sources */ = {isa = PBXBuildFile; fileRef = B66D67872CC2A13900F70A56 /* TestData.swift */; };
		B687450C2CD766640085AFE1 /* AsyncImageView.swift in Sources */ = {isa = PBXBuildFile; fileRef = B687450B2CD766640085AFE1 /* AsyncImageView.swift */; };
		B68ECA422CDA32A100DDD17D /* LevelOfLanguage.swift in Sources */ = {isa = PBXBuildFile; fileRef = B68ECA412CDA32A100DDD17D /* LevelOfLanguage.swift */; };
		B68ECA442CDA414C00DDD17D /* UserDefaultsExtension.swift in Sources */ = {isa = PBXBuildFile; fileRef = B68ECA432CDA414C00DDD17D /* UserDefaultsExtension.swift */; };
		B68ECA472CDA58A300DDD17D /* LeaderboardPage.swift in Sources */ = {isa = PBXBuildFile; fileRef = B68ECA462CDA58A300DDD17D /* LeaderboardPage.swift */; };
		B68ECA492CDA58B200DDD17D /* LeaderboardPageViewModel.swift in Sources */ = {isa = PBXBuildFile; fileRef = B68ECA482CDA58B200DDD17D /* LeaderboardPageViewModel.swift */; };
		B6A561FD2CC46C520008C05C /* WritingTaskPage.swift in Sources */ = {isa = PBXBuildFile; fileRef = B6A561FC2CC46C510008C05C /* WritingTaskPage.swift */; };
		B6A561FF2CC46C830008C05C /* WritingTaskPageViewModel.swift in Sources */ = {isa = PBXBuildFile; fileRef = B6A561FE2CC46C830008C05C /* WritingTaskPageViewModel.swift */; };
		B6A562012CC528860008C05C /* ListeningComprehensionManager.swift in Sources */ = {isa = PBXBuildFile; fileRef = B6A562002CC528860008C05C /* ListeningComprehensionManager.swift */; };
		B6A562032CC5396A0008C05C /* ListeningExercise.swift in Sources */ = {isa = PBXBuildFile; fileRef = B6A562022CC5396A0008C05C /* ListeningExercise.swift */; };
		B6ADD6DD2CDE2DA700572F66 /* UserStatsDashboardPage.swift in Sources */ = {isa = PBXBuildFile; fileRef = B6ADD6DC2CDE2DA700572F66 /* UserStatsDashboardPage.swift */; };
		B6ADD6E02CDE2DCB00572F66 /* UserStatsDashboardPageViewModel.swift in Sources */ = {isa = PBXBuildFile; fileRef = B6ADD6DF2CDE2DCB00572F66 /* UserStatsDashboardPageViewModel.swift */; };
		B6E656982C93837700350D98 /* GooglePlaces in Frameworks */ = {isa = PBXBuildFile; productRef = B6E656972C93837700350D98 /* GooglePlaces */; };
		B6E6569A2C9389C700350D98 /* LocationManager.swift in Sources */ = {isa = PBXBuildFile; fileRef = B6E656992C9389C700350D98 /* LocationManager.swift */; };
		B6EB6D0A2CA4042A0055FD67 /* Env-Properties.plist in Resources */ = {isa = PBXBuildFile; fileRef = B6EB6D092CA4042A0055FD67 /* Env-Properties.plist */; };
		B6EB6D262CA414B80055FD67 /* HomePage.swift in Sources */ = {isa = PBXBuildFile; fileRef = B6EB6D252CA414B80055FD67 /* HomePage.swift */; };
		B6EB6D282CA414CE0055FD67 /* HomePageViewModel.swift in Sources */ = {isa = PBXBuildFile; fileRef = B6EB6D272CA414CE0055FD67 /* HomePageViewModel.swift */; };
		B6EB6D2A2CA415090055FD67 /* AccountPage.swift in Sources */ = {isa = PBXBuildFile; fileRef = B6EB6D292CA415090055FD67 /* AccountPage.swift */; };
		B6EB6D2C2CA415240055FD67 /* AccountPageViewModel.swift in Sources */ = {isa = PBXBuildFile; fileRef = B6EB6D2B2CA415240055FD67 /* AccountPageViewModel.swift */; };
		B6EB6D322CA416670055FD67 /* ChipView.swift in Sources */ = {isa = PBXBuildFile; fileRef = B6EB6D312CA416670055FD67 /* ChipView.swift */; };
		B6EB6D342CA416800055FD67 /* BasicInputField.swift in Sources */ = {isa = PBXBuildFile; fileRef = B6EB6D332CA416800055FD67 /* BasicInputField.swift */; };
		B6EB6D362CA416950055FD67 /* PrimaryButton.swift in Sources */ = {isa = PBXBuildFile; fileRef = B6EB6D352CA416950055FD67 /* PrimaryButton.swift */; };
		B6EB6D382CA416A70055FD67 /* SecondaryButton.swift in Sources */ = {isa = PBXBuildFile; fileRef = B6EB6D372CA416A70055FD67 /* SecondaryButton.swift */; };
		B6FA77C32CA4190200C52F73 /* OnboardingPage.swift in Sources */ = {isa = PBXBuildFile; fileRef = B6FA77C22CA4190200C52F73 /* OnboardingPage.swift */; };
		B6FA77C52CA4192600C52F73 /* OnboardingPageViewModel.swift in Sources */ = {isa = PBXBuildFile; fileRef = B6FA77C42CA4192600C52F73 /* OnboardingPageViewModel.swift */; };
		B6FA77C72CA4196500C52F73 /* OnboardingNetworkAdapter.swift in Sources */ = {isa = PBXBuildFile; fileRef = B6FA77C62CA4196500C52F73 /* OnboardingNetworkAdapter.swift */; };
		B6FA77C92CA4197800C52F73 /* OnboardingContent.swift in Sources */ = {isa = PBXBuildFile; fileRef = B6FA77C82CA4197800C52F73 /* OnboardingContent.swift */; };
		B6FA77D32CA419F000C52F73 /* SignupPage.swift in Sources */ = {isa = PBXBuildFile; fileRef = B6FA77D22CA419F000C52F73 /* SignupPage.swift */; };
		B6FA77D52CA419FF00C52F73 /* SignupPageViewModel.swift in Sources */ = {isa = PBXBuildFile; fileRef = B6FA77D42CA419FF00C52F73 /* SignupPageViewModel.swift */; };
		B6FA77D72CA41A4500C52F73 /* AppDelegate.swift in Sources */ = {isa = PBXBuildFile; fileRef = B6FA77D62CA41A4500C52F73 /* AppDelegate.swift */; };
		B6FA77D92CA41A7B00C52F73 /* PageHeader.swift in Sources */ = {isa = PBXBuildFile; fileRef = B6FA77D82CA41A7B00C52F73 /* PageHeader.swift */; };
		B6FA77DC2CA41AAD00C52F73 /* Styleguide.swift in Sources */ = {isa = PBXBuildFile; fileRef = B6FA77DB2CA41AAD00C52F73 /* Styleguide.swift */; };
		B6FA77DE2CA41AC600C52F73 /* ViewExtension.swift in Sources */ = {isa = PBXBuildFile; fileRef = B6FA77DD2CA41AC600C52F73 /* ViewExtension.swift */; };
		B6FA77E02CA41ADB00C52F73 /* Router.swift in Sources */ = {isa = PBXBuildFile; fileRef = B6FA77DF2CA41ADB00C52F73 /* Router.swift */; };
		B6FA77E22CA41AEA00C52F73 /* EnvProperties.swift in Sources */ = {isa = PBXBuildFile; fileRef = B6FA77E12CA41AEA00C52F73 /* EnvProperties.swift */; };
		B6FA77E42CA44CFB00C52F73 /* LoginPage.swift in Sources */ = {isa = PBXBuildFile; fileRef = B6FA77CB2CA419AA00C52F73 /* LoginPage.swift */; };
		B6FA77E52CA44CFF00C52F73 /* LoginPageViewModel.swift in Sources */ = {isa = PBXBuildFile; fileRef = B6FA77CD2CA419BC00C52F73 /* LoginPageViewModel.swift */; };
		B6FA77E62CA44D0500C52F73 /* LoginSignupNetworkAdapter.swift in Sources */ = {isa = PBXBuildFile; fileRef = B6FA77CF2CA419D300C52F73 /* LoginSignupNetworkAdapter.swift */; };
		B6FA77EA2CA49E7D00C52F73 /* SignupUserDataPage.swift in Sources */ = {isa = PBXBuildFile; fileRef = B6FA77E92CA49E7D00C52F73 /* SignupUserDataPage.swift */; };
		B6FA77EC2CA49E8A00C52F73 /* SignupUserDataPageViewModel.swift in Sources */ = {isa = PBXBuildFile; fileRef = B6FA77EB2CA49E8A00C52F73 /* SignupUserDataPageViewModel.swift */; };
		B6FA77EE2CA4A0A000C52F73 /* UserDataManager.swift in Sources */ = {isa = PBXBuildFile; fileRef = B6FA77ED2CA4A0A000C52F73 /* UserDataManager.swift */; };
		B6FED3BC2C70B3BB00339B7C /* NeoLinguaApp.swift in Sources */ = {isa = PBXBuildFile; fileRef = B6FED3BB2C70B3BB00339B7C /* NeoLinguaApp.swift */; };
		B6FED3C02C70B3C200339B7C /* Assets.xcassets in Resources */ = {isa = PBXBuildFile; fileRef = B6FED3BF2C70B3C200339B7C /* Assets.xcassets */; };
		B6FED3C32C70B3C200339B7C /* Preview Assets.xcassets in Resources */ = {isa = PBXBuildFile; fileRef = B6FED3C22C70B3C200339B7C /* Preview Assets.xcassets */; };
		B6FED44E2C70B96500339B7C /* FirebaseAnalytics in Frameworks */ = {isa = PBXBuildFile; productRef = B6FED44D2C70B96500339B7C /* FirebaseAnalytics */; };
		B6FED4542C70B96500339B7C /* FirebaseAppCheck in Frameworks */ = {isa = PBXBuildFile; productRef = B6FED4532C70B96500339B7C /* FirebaseAppCheck */; };
		B6FED4562C70B96500339B7C /* FirebaseAppDistribution-Beta in Frameworks */ = {isa = PBXBuildFile; productRef = B6FED4552C70B96500339B7C /* FirebaseAppDistribution-Beta */; };
		B6FED4582C70B96500339B7C /* FirebaseAuth in Frameworks */ = {isa = PBXBuildFile; productRef = B6FED4572C70B96500339B7C /* FirebaseAuth */; };
		B6FED45A2C70B96500339B7C /* FirebaseAuthCombine-Community in Frameworks */ = {isa = PBXBuildFile; productRef = B6FED4592C70B96500339B7C /* FirebaseAuthCombine-Community */; };
		B6FED45C2C70B96500339B7C /* FirebaseCrashlytics in Frameworks */ = {isa = PBXBuildFile; productRef = B6FED45B2C70B96500339B7C /* FirebaseCrashlytics */; };
		B6FED45E2C70B96500339B7C /* FirebaseDatabase in Frameworks */ = {isa = PBXBuildFile; productRef = B6FED45D2C70B96500339B7C /* FirebaseDatabase */; };
		B6FED4602C70B96500339B7C /* FirebaseDynamicLinks in Frameworks */ = {isa = PBXBuildFile; productRef = B6FED45F2C70B96500339B7C /* FirebaseDynamicLinks */; };
		B6FED4622C70B96500339B7C /* FirebaseFirestore in Frameworks */ = {isa = PBXBuildFile; productRef = B6FED4612C70B96500339B7C /* FirebaseFirestore */; };
		B6FED4662C70B96500339B7C /* FirebaseFunctions in Frameworks */ = {isa = PBXBuildFile; productRef = B6FED4652C70B96500339B7C /* FirebaseFunctions */; };
		B6FED46C2C70B96500339B7C /* FirebaseInstallations in Frameworks */ = {isa = PBXBuildFile; productRef = B6FED46B2C70B96500339B7C /* FirebaseInstallations */; };
		B6FED46E2C70B96500339B7C /* FirebaseMLModelDownloader in Frameworks */ = {isa = PBXBuildFile; productRef = B6FED46D2C70B96500339B7C /* FirebaseMLModelDownloader */; };
		B6FED4702C70B96500339B7C /* FirebaseMessaging in Frameworks */ = {isa = PBXBuildFile; productRef = B6FED46F2C70B96500339B7C /* FirebaseMessaging */; };
		B6FED4722C70B96500339B7C /* FirebasePerformance in Frameworks */ = {isa = PBXBuildFile; productRef = B6FED4712C70B96500339B7C /* FirebasePerformance */; };
		B6FED4742C70B96500339B7C /* FirebaseRemoteConfig in Frameworks */ = {isa = PBXBuildFile; productRef = B6FED4732C70B96500339B7C /* FirebaseRemoteConfig */; };
		B6FED4762C70B96500339B7C /* FirebaseStorage in Frameworks */ = {isa = PBXBuildFile; productRef = B6FED4752C70B96500339B7C /* FirebaseStorage */; };
		B6FED4782C70B96500339B7C /* FirebaseStorageCombine-Community in Frameworks */ = {isa = PBXBuildFile; productRef = B6FED4772C70B96500339B7C /* FirebaseStorageCombine-Community */; };
		B6FED47A2C70B96500339B7C /* FirebaseVertexAI-Preview in Frameworks */ = {isa = PBXBuildFile; productRef = B6FED4792C70B96500339B7C /* FirebaseVertexAI-Preview */; };
		B6FED47F2C70BB3C00339B7C /* GoogleSignIn in Frameworks */ = {isa = PBXBuildFile; productRef = B6FED47E2C70BB3C00339B7C /* GoogleSignIn */; };
		B6FED4812C70BB3C00339B7C /* GoogleSignInSwift in Frameworks */ = {isa = PBXBuildFile; productRef = B6FED4802C70BB3C00339B7C /* GoogleSignInSwift */; };
		B6FED48E2C70C04700339B7C /* GoogleService-Info.plist in Resources */ = {isa = PBXBuildFile; fileRef = B6FED48D2C70C04700339B7C /* GoogleService-Info.plist */; };
		B6FED4912C71F11B00339B7C /* LearningOverviewPage.swift in Sources */ = {isa = PBXBuildFile; fileRef = B6FED4902C71F11B00339B7C /* LearningOverviewPage.swift */; };
		B6FED4932C71F12600339B7C /* LearningOverviewPageView.swift in Sources */ = {isa = PBXBuildFile; fileRef = B6FED4922C71F12600339B7C /* LearningOverviewPageView.swift */; };
		B6FED4962C71F3BD00339B7C /* ContextAwarePage.swift in Sources */ = {isa = PBXBuildFile; fileRef = B6FED4952C71F3BD00339B7C /* ContextAwarePage.swift */; };
		B6FED4982C71F3D200339B7C /* ContextAwarePageView.swift in Sources */ = {isa = PBXBuildFile; fileRef = B6FED4972C71F3D200339B7C /* ContextAwarePageView.swift */; };
/* End PBXBuildFile section */

/* Begin PBXCopyFilesBuildPhase section */
		B6E6569D2C939A7200350D98 /* Embed Frameworks */ = {
			isa = PBXCopyFilesBuildPhase;
			buildActionMask = 2147483647;
			dstPath = "";
			dstSubfolderSpec = 10;
			files = (
			);
			name = "Embed Frameworks";
			runOnlyForDeploymentPostprocessing = 0;
		};
/* End PBXCopyFilesBuildPhase section */

/* Begin PBXFileReference section */
		B609EED02CC6A6A600A029E8 /* ScavengerHuntManager.swift */ = {isa = PBXFileReference; lastKnownFileType = sourcecode.swift; path = ScavengerHuntManager.swift; sourceTree = "<group>"; };
		B609EED22CC6FAA700A029E8 /* ScavengerHuntMapViewModel.swift */ = {isa = PBXFileReference; lastKnownFileType = sourcecode.swift; path = ScavengerHuntMapViewModel.swift; sourceTree = "<group>"; };
		B609EED52CC79A4200A029E8 /* TaskLocationPage.swift */ = {isa = PBXFileReference; lastKnownFileType = sourcecode.swift; path = TaskLocationPage.swift; sourceTree = "<group>"; };
		B609EED72CC79C3800A029E8 /* TaskLocationPageViewModel.swift */ = {isa = PBXFileReference; lastKnownFileType = sourcecode.swift; path = TaskLocationPageViewModel.swift; sourceTree = "<group>"; };
		B609EEDA2CC7E1B700A029E8 /* ImageBasedLearningPage.swift */ = {isa = PBXFileReference; lastKnownFileType = sourcecode.swift; path = ImageBasedLearningPage.swift; sourceTree = "<group>"; };
		B609EEDC2CC7E1CC00A029E8 /* ImageBasedLearningPageViewModel.swift */ = {isa = PBXFileReference; lastKnownFileType = sourcecode.swift; path = ImageBasedLearningPageViewModel.swift; sourceTree = "<group>"; };
		B609EEE12CC8359B00A029E8 /* SnapVocabularyPage.swift */ = {isa = PBXFileReference; lastKnownFileType = sourcecode.swift; path = SnapVocabularyPage.swift; sourceTree = "<group>"; };
		B609EEE32CC835AD00A029E8 /* SnapVocabularyPageViewModel.swift */ = {isa = PBXFileReference; lastKnownFileType = sourcecode.swift; path = SnapVocabularyPageViewModel.swift; sourceTree = "<group>"; };
		B609EEE62CC83D4400A029E8 /* EducationalGames.swift */ = {isa = PBXFileReference; lastKnownFileType = sourcecode.swift; path = EducationalGames.swift; sourceTree = "<group>"; };
		B609EEE82CC83D5D00A029E8 /* EducationalGamesPageViewModel.swift */ = {isa = PBXFileReference; lastKnownFileType = sourcecode.swift; path = EducationalGamesPageViewModel.swift; sourceTree = "<group>"; };
		B609EEEB2CC83F3100A029E8 /* LinguaQuestPage.swift */ = {isa = PBXFileReference; lastKnownFileType = sourcecode.swift; path = LinguaQuestPage.swift; sourceTree = "<group>"; };
		B609EEED2CC83F7B00A029E8 /* LinguaQuestPageViewModel.swift */ = {isa = PBXFileReference; lastKnownFileType = sourcecode.swift; path = LinguaQuestPageViewModel.swift; sourceTree = "<group>"; };
		B609EEEF2CC8FD0C00A029E8 /* ImageBasedTask.swift */ = {isa = PBXFileReference; lastKnownFileType = sourcecode.swift; path = ImageBasedTask.swift; sourceTree = "<group>"; };
		B609EEF12CC910FD00A029E8 /* MultipleChoiceView.swift */ = {isa = PBXFileReference; lastKnownFileType = sourcecode.swift; path = MultipleChoiceView.swift; sourceTree = "<group>"; };
		B609EEF32CC93F6E00A029E8 /* TaskProcessManager.swift */ = {isa = PBXFileReference; lastKnownFileType = sourcecode.swift; path = TaskProcessManager.swift; sourceTree = "<group>"; };
		B60F8A9F2CB5CC2600268D75 /* SignupSuccessPage.swift */ = {isa = PBXFileReference; lastKnownFileType = sourcecode.swift; path = SignupSuccessPage.swift; sourceTree = "<group>"; };
		B60F8AA82CB5DDEF00268D75 /* checkAnimation.json */ = {isa = PBXFileReference; fileEncoding = 4; lastKnownFileType = text.json; path = checkAnimation.json; sourceTree = "<group>"; };
		B60F8AAB2CB7D77900268D75 /* MapViewController.swift */ = {isa = PBXFileReference; lastKnownFileType = sourcecode.swift; path = MapViewController.swift; sourceTree = "<group>"; };
		B60F8AAD2CB7D7BB00268D75 /* MapViewControllerBridge.swift */ = {isa = PBXFileReference; lastKnownFileType = sourcecode.swift; path = MapViewControllerBridge.swift; sourceTree = "<group>"; };
		B60F8AAF2CB7D8E200268D75 /* ScavengerHuntMap.swift */ = {isa = PBXFileReference; lastKnownFileType = sourcecode.swift; path = ScavengerHuntMap.swift; sourceTree = "<group>"; };
		B60F8AB42CB7E85900268D75 /* PointOfInterest.swift */ = {isa = PBXFileReference; lastKnownFileType = sourcecode.swift; path = PointOfInterest.swift; sourceTree = "<group>"; };
		B60F8AB62CB80F2000268D75 /* WiesbadenLocation.gpx */ = {isa = PBXFileReference; lastKnownFileType = text.xml; path = WiesbadenLocation.gpx; sourceTree = "<group>"; };
		B60F8AB82CB8196200268D75 /* ScavengerHuntOverviewPage.swift */ = {isa = PBXFileReference; lastKnownFileType = sourcecode.swift; path = ScavengerHuntOverviewPage.swift; sourceTree = "<group>"; };
		B60F8ABA2CBA9D8600268D75 /* ScavengerHuntOverviewPageViewModel.swift */ = {isa = PBXFileReference; lastKnownFileType = sourcecode.swift; path = ScavengerHuntOverviewPageViewModel.swift; sourceTree = "<group>"; };
		B60F8ABD2CBAB7ED00268D75 /* WriteVocabularyView.swift */ = {isa = PBXFileReference; lastKnownFileType = sourcecode.swift; path = WriteVocabularyView.swift; sourceTree = "<group>"; };
		B60F8AC02CBAB82100268D75 /* ResultSheetView.swift */ = {isa = PBXFileReference; lastKnownFileType = sourcecode.swift; path = ResultSheetView.swift; sourceTree = "<group>"; };
		B60F8AC22CBAB84F00268D75 /* ResultSheetViewModel.swift */ = {isa = PBXFileReference; lastKnownFileType = sourcecode.swift; path = ResultSheetViewModel.swift; sourceTree = "<group>"; };
		B60F8ACA2CBC854000268D75 /* SentenceBuildingView.swift */ = {isa = PBXFileReference; lastKnownFileType = sourcecode.swift; path = SentenceBuildingView.swift; sourceTree = "<group>"; };
		B60F8ACC2CBC8AF800268D75 /* VocabularyTraining.swift */ = {isa = PBXFileReference; lastKnownFileType = sourcecode.swift; path = VocabularyTraining.swift; sourceTree = "<group>"; };
		B60F8ACE2CBD09DB00268D75 /* VocabularyTrainingPage.swift */ = {isa = PBXFileReference; lastKnownFileType = sourcecode.swift; path = VocabularyTrainingPage.swift; sourceTree = "<group>"; };
		B60F8AD02CBD0A6700268D75 /* VocabularyTrainingPageViewModel.swift */ = {isa = PBXFileReference; lastKnownFileType = sourcecode.swift; path = VocabularyTrainingPageViewModel.swift; sourceTree = "<group>"; };
		B60F8AD22CBD108F00268D75 /* ListeningComprehensionPage.swift */ = {isa = PBXFileReference; lastKnownFileType = sourcecode.swift; path = ListeningComprehensionPage.swift; sourceTree = "<group>"; };
		B60F8AD52CBD10BC00268D75 /* ListeningComprehensionPageViewModel.swift */ = {isa = PBXFileReference; lastKnownFileType = sourcecode.swift; path = ListeningComprehensionPageViewModel.swift; sourceTree = "<group>"; };
		B60F8AD72CBD55CE00268D75 /* AudioPlayerView.swift */ = {isa = PBXFileReference; lastKnownFileType = sourcecode.swift; path = AudioPlayerView.swift; sourceTree = "<group>"; };
		B60F8ADA2CBDA9F700268D75 /* ConversationSimulationPage.swift */ = {isa = PBXFileReference; lastKnownFileType = sourcecode.swift; path = ConversationSimulationPage.swift; sourceTree = "<group>"; };
		B60F8ADC2CBDAA0C00268D75 /* ConversationSimulationPageViewModel.swift */ = {isa = PBXFileReference; lastKnownFileType = sourcecode.swift; path = ConversationSimulationPageViewModel.swift; sourceTree = "<group>"; };
		B60F8ADE2CBDCDDD00268D75 /* SpeechRecognizer.swift */ = {isa = PBXFileReference; lastKnownFileType = sourcecode.swift; path = SpeechRecognizer.swift; sourceTree = "<group>"; };
		B60F8AE02CBE6B9200268D75 /* OpenAIServiceProvider.swift */ = {isa = PBXFileReference; lastKnownFileType = sourcecode.swift; path = OpenAIServiceProvider.swift; sourceTree = "<group>"; };
		B60F8AE22CBFC36E00268D75 /* AudioPlayer.swift */ = {isa = PBXFileReference; lastKnownFileType = sourcecode.swift; path = AudioPlayer.swift; sourceTree = "<group>"; };
		B60F8AE42CBFE76200268D75 /* ConversationSimulationManager.swift */ = {isa = PBXFileReference; lastKnownFileType = sourcecode.swift; path = ConversationSimulationManager.swift; sourceTree = "<group>"; };
		B60F8AE72CBFE7B300268D75 /* RoleOptionsResponse.swift */ = {isa = PBXFileReference; lastKnownFileType = sourcecode.swift; path = RoleOptionsResponse.swift; sourceTree = "<group>"; };
		B60F8AE92CBFE85300268D75 /* ConversationResponse.swift */ = {isa = PBXFileReference; lastKnownFileType = sourcecode.swift; path = ConversationResponse.swift; sourceTree = "<group>"; };
		B61D30F82CDB6E950095CBC7 /* LeaderboardService.swift */ = {isa = PBXFileReference; lastKnownFileType = sourcecode.swift; path = LeaderboardService.swift; sourceTree = "<group>"; };
		B61ED9DC2CD6151E00E71258 /* ShareImageForTaskPage.swift */ = {isa = PBXFileReference; lastKnownFileType = sourcecode.swift; path = ShareImageForTaskPage.swift; sourceTree = "<group>"; };
		B61ED9DE2CD6152C00E71258 /* ShareImageForTaskPageViewModel.swift */ = {isa = PBXFileReference; lastKnownFileType = sourcecode.swift; path = ShareImageForTaskPageViewModel.swift; sourceTree = "<group>"; };
		B61ED9E02CD62CF700E71258 /* ImageBasedTaskNearMePage.swift */ = {isa = PBXFileReference; lastKnownFileType = sourcecode.swift; path = ImageBasedTaskNearMePage.swift; sourceTree = "<group>"; };
		B61ED9E22CD62D1C00E71258 /* ImageBasedTaskNearMePageViewModel.swift */ = {isa = PBXFileReference; lastKnownFileType = sourcecode.swift; path = ImageBasedTaskNearMePageViewModel.swift; sourceTree = "<group>"; };
		B6401FEB2CD4EA1F00A6FEA9 /* ConversationEvaluationView.swift */ = {isa = PBXFileReference; lastKnownFileType = sourcecode.swift; path = ConversationEvaluationView.swift; sourceTree = "<group>"; };
		B651F3F92CCFC95300471D78 /* ListeningTaskEvaluationView.swift */ = {isa = PBXFileReference; lastKnownFileType = sourcecode.swift; path = ListeningTaskEvaluationView.swift; sourceTree = "<group>"; };
		B6585AD02CCE7D3000B47299 /* ImageProcessingManager.swift */ = {isa = PBXFileReference; lastKnownFileType = sourcecode.swift; path = ImageProcessingManager.swift; sourceTree = "<group>"; };
		B6595B712CD0EB37004816E8 /* CameraView.swift */ = {isa = PBXFileReference; lastKnownFileType = sourcecode.swift; path = CameraView.swift; sourceTree = "<group>"; };
		B66D67832CC05FCB00F70A56 /* ActivityIndicatorModifier.swift */ = {isa = PBXFileReference; lastKnownFileType = sourcecode.swift; path = ActivityIndicatorModifier.swift; sourceTree = "<group>"; };
		B66D67852CC25BDF00F70A56 /* VocabularyManager.swift */ = {isa = PBXFileReference; lastKnownFileType = sourcecode.swift; path = VocabularyManager.swift; sourceTree = "<group>"; };
		B66D67872CC2A13900F70A56 /* TestData.swift */ = {isa = PBXFileReference; lastKnownFileType = sourcecode.swift; path = TestData.swift; sourceTree = "<group>"; };
		B687450B2CD766640085AFE1 /* AsyncImageView.swift */ = {isa = PBXFileReference; lastKnownFileType = sourcecode.swift; path = AsyncImageView.swift; sourceTree = "<group>"; };
		B68ECA412CDA32A100DDD17D /* LevelOfLanguage.swift */ = {isa = PBXFileReference; lastKnownFileType = sourcecode.swift; path = LevelOfLanguage.swift; sourceTree = "<group>"; };
		B68ECA432CDA414C00DDD17D /* UserDefaultsExtension.swift */ = {isa = PBXFileReference; lastKnownFileType = sourcecode.swift; path = UserDefaultsExtension.swift; sourceTree = "<group>"; };
		B68ECA462CDA58A300DDD17D /* LeaderboardPage.swift */ = {isa = PBXFileReference; lastKnownFileType = sourcecode.swift; path = LeaderboardPage.swift; sourceTree = "<group>"; };
		B68ECA482CDA58B200DDD17D /* LeaderboardPageViewModel.swift */ = {isa = PBXFileReference; lastKnownFileType = sourcecode.swift; path = LeaderboardPageViewModel.swift; sourceTree = "<group>"; };
		B6A561FC2CC46C510008C05C /* WritingTaskPage.swift */ = {isa = PBXFileReference; lastKnownFileType = sourcecode.swift; path = WritingTaskPage.swift; sourceTree = "<group>"; };
		B6A561FE2CC46C830008C05C /* WritingTaskPageViewModel.swift */ = {isa = PBXFileReference; lastKnownFileType = sourcecode.swift; path = WritingTaskPageViewModel.swift; sourceTree = "<group>"; };
		B6A562002CC528860008C05C /* ListeningComprehensionManager.swift */ = {isa = PBXFileReference; lastKnownFileType = sourcecode.swift; path = ListeningComprehensionManager.swift; sourceTree = "<group>"; };
		B6A562022CC5396A0008C05C /* ListeningExercise.swift */ = {isa = PBXFileReference; lastKnownFileType = sourcecode.swift; path = ListeningExercise.swift; sourceTree = "<group>"; };
		B6A562042CC56B070008C05C /* Wiesbaden2.gpx */ = {isa = PBXFileReference; lastKnownFileType = text.xml; path = Wiesbaden2.gpx; sourceTree = "<group>"; };
		B6ADD6DC2CDE2DA700572F66 /* UserStatsDashboardPage.swift */ = {isa = PBXFileReference; lastKnownFileType = sourcecode.swift; path = UserStatsDashboardPage.swift; sourceTree = "<group>"; };
		B6ADD6DF2CDE2DCB00572F66 /* UserStatsDashboardPageViewModel.swift */ = {isa = PBXFileReference; lastKnownFileType = sourcecode.swift; path = UserStatsDashboardPageViewModel.swift; sourceTree = "<group>"; };
		B6E656992C9389C700350D98 /* LocationManager.swift */ = {isa = PBXFileReference; lastKnownFileType = sourcecode.swift; path = LocationManager.swift; sourceTree = "<group>"; };
		B6E6569B2C938ACD00350D98 /* Info.plist */ = {isa = PBXFileReference; lastKnownFileType = text.plist; path = Info.plist; sourceTree = "<group>"; };
		B6EB6D092CA4042A0055FD67 /* Env-Properties.plist */ = {isa = PBXFileReference; lastKnownFileType = text.plist.xml; path = "Env-Properties.plist"; sourceTree = "<group>"; };
		B6EB6D252CA414B80055FD67 /* HomePage.swift */ = {isa = PBXFileReference; lastKnownFileType = sourcecode.swift; path = HomePage.swift; sourceTree = "<group>"; };
		B6EB6D272CA414CE0055FD67 /* HomePageViewModel.swift */ = {isa = PBXFileReference; lastKnownFileType = sourcecode.swift; path = HomePageViewModel.swift; sourceTree = "<group>"; };
		B6EB6D292CA415090055FD67 /* AccountPage.swift */ = {isa = PBXFileReference; lastKnownFileType = sourcecode.swift; path = AccountPage.swift; sourceTree = "<group>"; };
		B6EB6D2B2CA415240055FD67 /* AccountPageViewModel.swift */ = {isa = PBXFileReference; lastKnownFileType = sourcecode.swift; path = AccountPageViewModel.swift; sourceTree = "<group>"; };
		B6EB6D312CA416670055FD67 /* ChipView.swift */ = {isa = PBXFileReference; lastKnownFileType = sourcecode.swift; path = ChipView.swift; sourceTree = "<group>"; };
		B6EB6D332CA416800055FD67 /* BasicInputField.swift */ = {isa = PBXFileReference; lastKnownFileType = sourcecode.swift; path = BasicInputField.swift; sourceTree = "<group>"; };
		B6EB6D352CA416950055FD67 /* PrimaryButton.swift */ = {isa = PBXFileReference; lastKnownFileType = sourcecode.swift; path = PrimaryButton.swift; sourceTree = "<group>"; };
		B6EB6D372CA416A70055FD67 /* SecondaryButton.swift */ = {isa = PBXFileReference; lastKnownFileType = sourcecode.swift; path = SecondaryButton.swift; sourceTree = "<group>"; };
		B6FA77C22CA4190200C52F73 /* OnboardingPage.swift */ = {isa = PBXFileReference; lastKnownFileType = sourcecode.swift; name = OnboardingPage.swift; path = ../OnboardingPage/OnboardingPage.swift; sourceTree = "<group>"; };
		B6FA77C42CA4192600C52F73 /* OnboardingPageViewModel.swift */ = {isa = PBXFileReference; lastKnownFileType = sourcecode.swift; name = OnboardingPageViewModel.swift; path = ../OnboardingPage/OnboardingPageViewModel.swift; sourceTree = "<group>"; };
		B6FA77C62CA4196500C52F73 /* OnboardingNetworkAdapter.swift */ = {isa = PBXFileReference; lastKnownFileType = sourcecode.swift; name = OnboardingNetworkAdapter.swift; path = ../OnboardingPage/OnboardingNetworkAdapter.swift; sourceTree = "<group>"; };
		B6FA77C82CA4197800C52F73 /* OnboardingContent.swift */ = {isa = PBXFileReference; lastKnownFileType = sourcecode.swift; name = OnboardingContent.swift; path = ../OnboardingPage/OnboardingContent.swift; sourceTree = "<group>"; };
		B6FA77CB2CA419AA00C52F73 /* LoginPage.swift */ = {isa = PBXFileReference; lastKnownFileType = sourcecode.swift; name = LoginPage.swift; path = ../../OnboardingPage/LoginPage/LoginPage.swift; sourceTree = "<group>"; };
		B6FA77CD2CA419BC00C52F73 /* LoginPageViewModel.swift */ = {isa = PBXFileReference; lastKnownFileType = sourcecode.swift; name = LoginPageViewModel.swift; path = ../../OnboardingPage/LoginPage/LoginPageViewModel.swift; sourceTree = "<group>"; };
		B6FA77CF2CA419D300C52F73 /* LoginSignupNetworkAdapter.swift */ = {isa = PBXFileReference; lastKnownFileType = sourcecode.swift; name = LoginSignupNetworkAdapter.swift; path = ../../OnboardingPage/LoginPage/LoginSignupNetworkAdapter.swift; sourceTree = "<group>"; };
		B6FA77D22CA419F000C52F73 /* SignupPage.swift */ = {isa = PBXFileReference; lastKnownFileType = sourcecode.swift; path = SignupPage.swift; sourceTree = "<group>"; };
		B6FA77D42CA419FF00C52F73 /* SignupPageViewModel.swift */ = {isa = PBXFileReference; lastKnownFileType = sourcecode.swift; path = SignupPageViewModel.swift; sourceTree = "<group>"; };
		B6FA77D62CA41A4500C52F73 /* AppDelegate.swift */ = {isa = PBXFileReference; lastKnownFileType = sourcecode.swift; path = AppDelegate.swift; sourceTree = "<group>"; };
		B6FA77D82CA41A7B00C52F73 /* PageHeader.swift */ = {isa = PBXFileReference; lastKnownFileType = sourcecode.swift; path = PageHeader.swift; sourceTree = "<group>"; };
		B6FA77DB2CA41AAD00C52F73 /* Styleguide.swift */ = {isa = PBXFileReference; lastKnownFileType = sourcecode.swift; path = Styleguide.swift; sourceTree = "<group>"; };
		B6FA77DD2CA41AC600C52F73 /* ViewExtension.swift */ = {isa = PBXFileReference; lastKnownFileType = sourcecode.swift; path = ViewExtension.swift; sourceTree = "<group>"; };
		B6FA77DF2CA41ADB00C52F73 /* Router.swift */ = {isa = PBXFileReference; lastKnownFileType = sourcecode.swift; path = Router.swift; sourceTree = "<group>"; };
		B6FA77E12CA41AEA00C52F73 /* EnvProperties.swift */ = {isa = PBXFileReference; lastKnownFileType = sourcecode.swift; path = EnvProperties.swift; sourceTree = "<group>"; };
		B6FA77E92CA49E7D00C52F73 /* SignupUserDataPage.swift */ = {isa = PBXFileReference; lastKnownFileType = sourcecode.swift; path = SignupUserDataPage.swift; sourceTree = "<group>"; };
		B6FA77EB2CA49E8A00C52F73 /* SignupUserDataPageViewModel.swift */ = {isa = PBXFileReference; lastKnownFileType = sourcecode.swift; path = SignupUserDataPageViewModel.swift; sourceTree = "<group>"; };
		B6FA77ED2CA4A0A000C52F73 /* UserDataManager.swift */ = {isa = PBXFileReference; lastKnownFileType = sourcecode.swift; path = UserDataManager.swift; sourceTree = "<group>"; };
		B6FED3B82C70B3BB00339B7C /* NeoLingua.app */ = {isa = PBXFileReference; explicitFileType = wrapper.application; includeInIndex = 0; path = NeoLingua.app; sourceTree = BUILT_PRODUCTS_DIR; };
		B6FED3BB2C70B3BB00339B7C /* NeoLinguaApp.swift */ = {isa = PBXFileReference; lastKnownFileType = sourcecode.swift; path = NeoLinguaApp.swift; sourceTree = "<group>"; };
		B6FED3BF2C70B3C200339B7C /* Assets.xcassets */ = {isa = PBXFileReference; lastKnownFileType = folder.assetcatalog; path = Assets.xcassets; sourceTree = "<group>"; };
		B6FED3C22C70B3C200339B7C /* Preview Assets.xcassets */ = {isa = PBXFileReference; lastKnownFileType = folder.assetcatalog; path = "Preview Assets.xcassets"; sourceTree = "<group>"; };
		B6FED48D2C70C04700339B7C /* GoogleService-Info.plist */ = {isa = PBXFileReference; fileEncoding = 4; lastKnownFileType = text.plist.xml; name = "GoogleService-Info.plist"; path = "../../GoogleService-Info.plist"; sourceTree = "<group>"; };
		B6FED4902C71F11B00339B7C /* LearningOverviewPage.swift */ = {isa = PBXFileReference; lastKnownFileType = sourcecode.swift; path = LearningOverviewPage.swift; sourceTree = "<group>"; };
		B6FED4922C71F12600339B7C /* LearningOverviewPageView.swift */ = {isa = PBXFileReference; lastKnownFileType = sourcecode.swift; path = LearningOverviewPageView.swift; sourceTree = "<group>"; };
		B6FED4952C71F3BD00339B7C /* ContextAwarePage.swift */ = {isa = PBXFileReference; lastKnownFileType = sourcecode.swift; path = ContextAwarePage.swift; sourceTree = "<group>"; };
		B6FED4972C71F3D200339B7C /* ContextAwarePageView.swift */ = {isa = PBXFileReference; lastKnownFileType = sourcecode.swift; path = ContextAwarePageView.swift; sourceTree = "<group>"; };
/* End PBXFileReference section */

/* Begin PBXFrameworksBuildPhase section */
		B6FED3B52C70B3BB00339B7C /* Frameworks */ = {
			isa = PBXFrameworksBuildPhase;
			buildActionMask = 2147483647;
			files = (
				B6FED4562C70B96500339B7C /* FirebaseAppDistribution-Beta in Frameworks */,
				B63874FB2CB0581A006B3364 /* SwiftOpenAI in Frameworks */,
				B60F8AB32CB7DAE800268D75 /* GoogleMaps in Frameworks */,
				B6FED4622C70B96500339B7C /* FirebaseFirestore in Frameworks */,
				B6FED45A2C70B96500339B7C /* FirebaseAuthCombine-Community in Frameworks */,
				B6FED47F2C70BB3C00339B7C /* GoogleSignIn in Frameworks */,
				B6FED46C2C70B96500339B7C /* FirebaseInstallations in Frameworks */,
				B6FED47A2C70B96500339B7C /* FirebaseVertexAI-Preview in Frameworks */,
				B63874FD2CB059B7006B3364 /* SwiftOpenAI in Frameworks */,
				B60F8AA32CB5D55300268D75 /* Lottie in Frameworks */,
				B6E656982C93837700350D98 /* GooglePlaces in Frameworks */,
				B63875002CB06838006B3364 /* SwiftOpenAI in Frameworks */,
				B6FED4812C70BB3C00339B7C /* GoogleSignInSwift in Frameworks */,
				B6FED44E2C70B96500339B7C /* FirebaseAnalytics in Frameworks */,
				B6FED4782C70B96500339B7C /* FirebaseStorageCombine-Community in Frameworks */,
				B6595B702CD0E1BF004816E8 /* Alamofire in Frameworks */,
				B66D67822CC059D200F70A56 /* ActivityIndicatorView in Frameworks */,
				B6FED4542C70B96500339B7C /* FirebaseAppCheck in Frameworks */,
				B6FED4762C70B96500339B7C /* FirebaseStorage in Frameworks */,
				B6FED4742C70B96500339B7C /* FirebaseRemoteConfig in Frameworks */,
				B6FED45C2C70B96500339B7C /* FirebaseCrashlytics in Frameworks */,
				B6FED4702C70B96500339B7C /* FirebaseMessaging in Frameworks */,
				B6FED46E2C70B96500339B7C /* FirebaseMLModelDownloader in Frameworks */,
				B6FED4722C70B96500339B7C /* FirebasePerformance in Frameworks */,
				B6FED45E2C70B96500339B7C /* FirebaseDatabase in Frameworks */,
				B6FED4582C70B96500339B7C /* FirebaseAuth in Frameworks */,
				B63875052CB09A3F006B3364 /* SwiftOpenAI in Frameworks */,
				B63875022CB09A22006B3364 /* SwiftOpenAI in Frameworks */,
				B6FED4662C70B96500339B7C /* FirebaseFunctions in Frameworks */,
				B6FED4602C70B96500339B7C /* FirebaseDynamicLinks in Frameworks */,
			);
			runOnlyForDeploymentPostprocessing = 0;
		};
/* End PBXFrameworksBuildPhase section */

/* Begin PBXGroup section */
		B609EED42CC79A1D00A029E8 /* TaskLocation */ = {
			isa = PBXGroup;
			children = (
				B609EED52CC79A4200A029E8 /* TaskLocationPage.swift */,
				B609EED72CC79C3800A029E8 /* TaskLocationPageViewModel.swift */,
				B6595B712CD0EB37004816E8 /* CameraView.swift */,
			);
			path = TaskLocation;
			sourceTree = "<group>";
		};
		B609EED92CC7E13100A029E8 /* ImageBasedLearning */ = {
			isa = PBXGroup;
			children = (
				B61ED9DB2CD614C400E71258 /* ShareImageForTaskPage */,
				B609EEDA2CC7E1B700A029E8 /* ImageBasedLearningPage.swift */,
				B609EEDC2CC7E1CC00A029E8 /* ImageBasedLearningPageViewModel.swift */,
				B609EEEF2CC8FD0C00A029E8 /* ImageBasedTask.swift */,
				B6585AD02CCE7D3000B47299 /* ImageProcessingManager.swift */,
				B61ED9E02CD62CF700E71258 /* ImageBasedTaskNearMePage.swift */,
				B61ED9E22CD62D1C00E71258 /* ImageBasedTaskNearMePageViewModel.swift */,
			);
			path = ImageBasedLearning;
			sourceTree = "<group>";
		};
		B609EEE02CC82F1500A029E8 /* SnapVocabulary */ = {
			isa = PBXGroup;
			children = (
				B609EEE12CC8359B00A029E8 /* SnapVocabularyPage.swift */,
				B609EEE32CC835AD00A029E8 /* SnapVocabularyPageViewModel.swift */,
			);
			path = SnapVocabulary;
			sourceTree = "<group>";
		};
		B609EEE52CC838AF00A029E8 /* EducationalGames */ = {
			isa = PBXGroup;
			children = (
				B609EEEA2CC83F1900A029E8 /* LinguaQuest */,
				B609EEE02CC82F1500A029E8 /* SnapVocabulary */,
				B609EEE62CC83D4400A029E8 /* EducationalGames.swift */,
				B609EEE82CC83D5D00A029E8 /* EducationalGamesPageViewModel.swift */,
				B609EEF32CC93F6E00A029E8 /* TaskProcessManager.swift */,
			);
			path = EducationalGames;
			sourceTree = "<group>";
		};
		B609EEEA2CC83F1900A029E8 /* LinguaQuest */ = {
			isa = PBXGroup;
			children = (
				B609EEEB2CC83F3100A029E8 /* LinguaQuestPage.swift */,
				B609EEED2CC83F7B00A029E8 /* LinguaQuestPageViewModel.swift */,
			);
			path = LinguaQuest;
			sourceTree = "<group>";
		};
		B60F8AAA2CB7D76600268D75 /* GoogleMaps */ = {
			isa = PBXGroup;
			children = (
				B60F8AAB2CB7D77900268D75 /* MapViewController.swift */,
				B60F8AAD2CB7D7BB00268D75 /* MapViewControllerBridge.swift */,
				B60F8AB42CB7E85900268D75 /* PointOfInterest.swift */,
			);
			path = GoogleMaps;
			sourceTree = "<group>";
		};
		B60F8AB72CB8194600268D75 /* ScavengerHunt */ = {
			isa = PBXGroup;
			children = (
				B609EED92CC7E13100A029E8 /* ImageBasedLearning */,
				B609EED42CC79A1D00A029E8 /* TaskLocation */,
				B6A561FB2CC46C300008C05C /* WritingTask */,
				B60F8AD92CBDA9DD00268D75 /* ConversationSimulation */,
				B60F8AD42CBD10A500268D75 /* ListeningComprehension */,
				B60F8ABF2CBAB81300268D75 /* ResultSheet */,
				B60F8ABC2CBAB7CF00268D75 /* VocabularyTask */,
				B60F8AAF2CB7D8E200268D75 /* ScavengerHuntMap.swift */,
				B609EED22CC6FAA700A029E8 /* ScavengerHuntMapViewModel.swift */,
				B60F8AB82CB8196200268D75 /* ScavengerHuntOverviewPage.swift */,
				B60F8ABA2CBA9D8600268D75 /* ScavengerHuntOverviewPageViewModel.swift */,
				B609EED02CC6A6A600A029E8 /* ScavengerHuntManager.swift */,
			);
			path = ScavengerHunt;
			sourceTree = "<group>";
		};
		B60F8ABC2CBAB7CF00268D75 /* VocabularyTask */ = {
			isa = PBXGroup;
			children = (
				B60F8ACA2CBC854000268D75 /* SentenceBuildingView.swift */,
				B60F8ABD2CBAB7ED00268D75 /* WriteVocabularyView.swift */,
				B60F8ACC2CBC8AF800268D75 /* VocabularyTraining.swift */,
				B60F8ACE2CBD09DB00268D75 /* VocabularyTrainingPage.swift */,
				B60F8AD02CBD0A6700268D75 /* VocabularyTrainingPageViewModel.swift */,
				B66D67852CC25BDF00F70A56 /* VocabularyManager.swift */,
				B609EEF12CC910FD00A029E8 /* MultipleChoiceView.swift */,
			);
			path = VocabularyTask;
			sourceTree = "<group>";
		};
		B60F8ABF2CBAB81300268D75 /* ResultSheet */ = {
			isa = PBXGroup;
			children = (
				B60F8AC02CBAB82100268D75 /* ResultSheetView.swift */,
				B60F8AC22CBAB84F00268D75 /* ResultSheetViewModel.swift */,
			);
			path = ResultSheet;
			sourceTree = "<group>";
		};
		B60F8AD42CBD10A500268D75 /* ListeningComprehension */ = {
			isa = PBXGroup;
			children = (
				B60F8AD22CBD108F00268D75 /* ListeningComprehensionPage.swift */,
				B60F8AD52CBD10BC00268D75 /* ListeningComprehensionPageViewModel.swift */,
				B60F8AD72CBD55CE00268D75 /* AudioPlayerView.swift */,
				B60F8AE22CBFC36E00268D75 /* AudioPlayer.swift */,
				B6A562002CC528860008C05C /* ListeningComprehensionManager.swift */,
				B6A562022CC5396A0008C05C /* ListeningExercise.swift */,
				B651F3F92CCFC95300471D78 /* ListeningTaskEvaluationView.swift */,
			);
			path = ListeningComprehension;
			sourceTree = "<group>";
		};
		B60F8AD92CBDA9DD00268D75 /* ConversationSimulation */ = {
			isa = PBXGroup;
			children = (
				B60F8AE62CBFE7A600268D75 /* Model */,
				B60F8ADA2CBDA9F700268D75 /* ConversationSimulationPage.swift */,
				B60F8ADC2CBDAA0C00268D75 /* ConversationSimulationPageViewModel.swift */,
				B60F8ADE2CBDCDDD00268D75 /* SpeechRecognizer.swift */,
				B60F8AE42CBFE76200268D75 /* ConversationSimulationManager.swift */,
				B6401FEB2CD4EA1F00A6FEA9 /* ConversationEvaluationView.swift */,
			);
			path = ConversationSimulation;
			sourceTree = "<group>";
		};
		B60F8AE62CBFE7A600268D75 /* Model */ = {
			isa = PBXGroup;
			children = (
				B60F8AE72CBFE7B300268D75 /* RoleOptionsResponse.swift */,
				B60F8AE92CBFE85300268D75 /* ConversationResponse.swift */,
			);
			path = Model;
			sourceTree = "<group>";
		};
		B61ED9DB2CD614C400E71258 /* ShareImageForTaskPage */ = {
			isa = PBXGroup;
			children = (
				B61ED9DC2CD6151E00E71258 /* ShareImageForTaskPage.swift */,
				B61ED9DE2CD6152C00E71258 /* ShareImageForTaskPageViewModel.swift */,
			);
			path = ShareImageForTaskPage;
			sourceTree = "<group>";
		};
		B63874FE2CB06800006B3364 /* Frameworks */ = {
			isa = PBXGroup;
			children = (
			);
			name = Frameworks;
			sourceTree = "<group>";
		};
		B68ECA452CDA588500DDD17D /* Leaderboard */ = {
			isa = PBXGroup;
			children = (
				B68ECA462CDA58A300DDD17D /* LeaderboardPage.swift */,
				B68ECA482CDA58B200DDD17D /* LeaderboardPageViewModel.swift */,
				B61D30F82CDB6E950095CBC7 /* LeaderboardService.swift */,
			);
			path = Leaderboard;
			sourceTree = "<group>";
		};
		B6A561FB2CC46C300008C05C /* WritingTask */ = {
			isa = PBXGroup;
			children = (
				B6A561FC2CC46C510008C05C /* WritingTaskPage.swift */,
				B6A561FE2CC46C830008C05C /* WritingTaskPageViewModel.swift */,
			);
			path = WritingTask;
			sourceTree = "<group>";
		};
		B6ADD6DE2CDE2DB200572F66 /* UserStatsDashboard */ = {
			isa = PBXGroup;
			children = (
				B6ADD6DC2CDE2DA700572F66 /* UserStatsDashboardPage.swift */,
				B6ADD6DF2CDE2DCB00572F66 /* UserStatsDashboardPageViewModel.swift */,
			);
			path = UserStatsDashboard;
			sourceTree = "<group>";
		};
		B6EB6D242CA414A90055FD67 /* HomePage */ = {
			isa = PBXGroup;
			children = (
				B6EB6D252CA414B80055FD67 /* HomePage.swift */,
				B6EB6D272CA414CE0055FD67 /* HomePageViewModel.swift */,
			);
			path = HomePage;
			sourceTree = "<group>";
		};
		B6EB6D2D2CA415380055FD67 /* AccountPage */ = {
			isa = PBXGroup;
			children = (
				B6EB6D292CA415090055FD67 /* AccountPage.swift */,
				B6EB6D2B2CA415240055FD67 /* AccountPageViewModel.swift */,
				B68ECA412CDA32A100DDD17D /* LevelOfLanguage.swift */,
			);
			path = AccountPage;
			sourceTree = "<group>";
		};
		B6EB6D302CA416520055FD67 /* Components */ = {
			isa = PBXGroup;
			children = (
				B6EB6D312CA416670055FD67 /* ChipView.swift */,
				B6EB6D332CA416800055FD67 /* BasicInputField.swift */,
				B6EB6D352CA416950055FD67 /* PrimaryButton.swift */,
				B6EB6D372CA416A70055FD67 /* SecondaryButton.swift */,
				B6FA77D82CA41A7B00C52F73 /* PageHeader.swift */,
				B687450B2CD766640085AFE1 /* AsyncImageView.swift */,
			);
			path = Components;
			sourceTree = "<group>";
		};
		B6FA77C12CA418E700C52F73 /* OnboardingPage */ = {
			isa = PBXGroup;
			children = (
				B6FA77D12CA419E600C52F73 /* SignupPage */,
				B6FA77CA2CA4199900C52F73 /* LoginPage */,
				B6FA77C22CA4190200C52F73 /* OnboardingPage.swift */,
				B6FA77C42CA4192600C52F73 /* OnboardingPageViewModel.swift */,
				B6FA77C62CA4196500C52F73 /* OnboardingNetworkAdapter.swift */,
				B6FA77C82CA4197800C52F73 /* OnboardingContent.swift */,
			);
			path = OnboardingPage;
			sourceTree = "<group>";
		};
		B6FA77CA2CA4199900C52F73 /* LoginPage */ = {
			isa = PBXGroup;
			children = (
				B6FA77CB2CA419AA00C52F73 /* LoginPage.swift */,
				B6FA77CD2CA419BC00C52F73 /* LoginPageViewModel.swift */,
				B6FA77CF2CA419D300C52F73 /* LoginSignupNetworkAdapter.swift */,
			);
			path = LoginPage;
			sourceTree = "<group>";
		};
		B6FA77D12CA419E600C52F73 /* SignupPage */ = {
			isa = PBXGroup;
			children = (
				B6FA77E82CA49E5A00C52F73 /* SignupUserDataPage */,
				B6FA77D22CA419F000C52F73 /* SignupPage.swift */,
				B6FA77D42CA419FF00C52F73 /* SignupPageViewModel.swift */,
			);
			path = SignupPage;
			sourceTree = "<group>";
		};
		B6FA77DA2CA41A9E00C52F73 /* Utilities */ = {
			isa = PBXGroup;
			children = (
				B6FA77DB2CA41AAD00C52F73 /* Styleguide.swift */,
				B6FA77DD2CA41AC600C52F73 /* ViewExtension.swift */,
				B6FA77DF2CA41ADB00C52F73 /* Router.swift */,
				B60F8AE02CBE6B9200268D75 /* OpenAIServiceProvider.swift */,
				B66D67832CC05FCB00F70A56 /* ActivityIndicatorModifier.swift */,
				B66D67872CC2A13900F70A56 /* TestData.swift */,
				B68ECA432CDA414C00DDD17D /* UserDefaultsExtension.swift */,
			);
			path = Utilities;
			sourceTree = "<group>";
		};
		B6FA77E72CA45DA000C52F73 /* EnvironmentProperties */ = {
			isa = PBXGroup;
			children = (
				B6FA77E12CA41AEA00C52F73 /* EnvProperties.swift */,
			);
			path = EnvironmentProperties;
			sourceTree = "<group>";
		};
		B6FA77E82CA49E5A00C52F73 /* SignupUserDataPage */ = {
			isa = PBXGroup;
			children = (
				B60F8AA82CB5DDEF00268D75 /* checkAnimation.json */,
				B6FA77E92CA49E7D00C52F73 /* SignupUserDataPage.swift */,
				B6FA77EB2CA49E8A00C52F73 /* SignupUserDataPageViewModel.swift */,
				B6FA77ED2CA4A0A000C52F73 /* UserDataManager.swift */,
				B60F8A9F2CB5CC2600268D75 /* SignupSuccessPage.swift */,
			);
			path = SignupUserDataPage;
			sourceTree = "<group>";
		};
		B6FED3AF2C70B3BB00339B7C = {
			isa = PBXGroup;
			children = (
				B6A562042CC56B070008C05C /* Wiesbaden2.gpx */,
				B60F8AB62CB80F2000268D75 /* WiesbadenLocation.gpx */,
				B6FED3BA2C70B3BB00339B7C /* NeoLingua */,
				B6FED3B92C70B3BB00339B7C /* Products */,
				B63874FE2CB06800006B3364 /* Frameworks */,
			);
			sourceTree = "<group>";
		};
		B6FED3B92C70B3BB00339B7C /* Products */ = {
			isa = PBXGroup;
			children = (
				B6FED3B82C70B3BB00339B7C /* NeoLingua.app */,
			);
			name = Products;
			sourceTree = "<group>";
		};
		B6FED3BA2C70B3BB00339B7C /* NeoLingua */ = {
			isa = PBXGroup;
			children = (
				B6ADD6DE2CDE2DB200572F66 /* UserStatsDashboard */,
				B68ECA452CDA588500DDD17D /* Leaderboard */,
				B609EEE52CC838AF00A029E8 /* EducationalGames */,
				B6E6569B2C938ACD00350D98 /* Info.plist */,
				B6FED48D2C70C04700339B7C /* GoogleService-Info.plist */,
				B6EB6D092CA4042A0055FD67 /* Env-Properties.plist */,
				B60F8AB72CB8194600268D75 /* ScavengerHunt */,
				B60F8AAA2CB7D76600268D75 /* GoogleMaps */,
				B6FA77C12CA418E700C52F73 /* OnboardingPage */,
				B6EB6D2D2CA415380055FD67 /* AccountPage */,
				B6EB6D242CA414A90055FD67 /* HomePage */,
				B6FED4942C71F2C800339B7C /* ContextAwarePage */,
				B6FED48F2C71F0A300339B7C /* LearningOverviewPage */,
				B6FED3BF2C70B3C200339B7C /* Assets.xcassets */,
				B6EB6D302CA416520055FD67 /* Components */,
				B6FED3C12C70B3C200339B7C /* Preview Content */,
				B6FA77E72CA45DA000C52F73 /* EnvironmentProperties */,
				B6FA77DA2CA41A9E00C52F73 /* Utilities */,
				B6FA77D62CA41A4500C52F73 /* AppDelegate.swift */,
				B6FED3BB2C70B3BB00339B7C /* NeoLinguaApp.swift */,
			);
			path = NeoLingua;
			sourceTree = "<group>";
		};
		B6FED3C12C70B3C200339B7C /* Preview Content */ = {
			isa = PBXGroup;
			children = (
				B6FED3C22C70B3C200339B7C /* Preview Assets.xcassets */,
			);
			path = "Preview Content";
			sourceTree = "<group>";
		};
		B6FED48F2C71F0A300339B7C /* LearningOverviewPage */ = {
			isa = PBXGroup;
			children = (
				B6FED4902C71F11B00339B7C /* LearningOverviewPage.swift */,
				B6FED4922C71F12600339B7C /* LearningOverviewPageView.swift */,
			);
			path = LearningOverviewPage;
			sourceTree = "<group>";
		};
		B6FED4942C71F2C800339B7C /* ContextAwarePage */ = {
			isa = PBXGroup;
			children = (
				B6FED4952C71F3BD00339B7C /* ContextAwarePage.swift */,
				B6FED4972C71F3D200339B7C /* ContextAwarePageView.swift */,
				B6E656992C9389C700350D98 /* LocationManager.swift */,
			);
			path = ContextAwarePage;
			sourceTree = "<group>";
		};
/* End PBXGroup section */

/* Begin PBXNativeTarget section */
		B6FED3B72C70B3BB00339B7C /* NeoLingua */ = {
			isa = PBXNativeTarget;
			buildConfigurationList = B6FED3C62C70B3C200339B7C /* Build configuration list for PBXNativeTarget "NeoLingua" */;
			buildPhases = (
				B6FED3B42C70B3BB00339B7C /* Sources */,
				B6FED3B52C70B3BB00339B7C /* Frameworks */,
				B6FED3B62C70B3BB00339B7C /* Resources */,
				B6E6569D2C939A7200350D98 /* Embed Frameworks */,
			);
			buildRules = (
			);
			dependencies = (
			);
			name = NeoLingua;
			packageProductDependencies = (
				B6FED44D2C70B96500339B7C /* FirebaseAnalytics */,
				B6FED4532C70B96500339B7C /* FirebaseAppCheck */,
				B6FED4552C70B96500339B7C /* FirebaseAppDistribution-Beta */,
				B6FED4572C70B96500339B7C /* FirebaseAuth */,
				B6FED4592C70B96500339B7C /* FirebaseAuthCombine-Community */,
				B6FED45B2C70B96500339B7C /* FirebaseCrashlytics */,
				B6FED45D2C70B96500339B7C /* FirebaseDatabase */,
				B6FED45F2C70B96500339B7C /* FirebaseDynamicLinks */,
				B6FED4612C70B96500339B7C /* FirebaseFirestore */,
				B6FED4652C70B96500339B7C /* FirebaseFunctions */,
				B6FED46B2C70B96500339B7C /* FirebaseInstallations */,
				B6FED46D2C70B96500339B7C /* FirebaseMLModelDownloader */,
				B6FED46F2C70B96500339B7C /* FirebaseMessaging */,
				B6FED4712C70B96500339B7C /* FirebasePerformance */,
				B6FED4732C70B96500339B7C /* FirebaseRemoteConfig */,
				B6FED4752C70B96500339B7C /* FirebaseStorage */,
				B6FED4772C70B96500339B7C /* FirebaseStorageCombine-Community */,
				B6FED4792C70B96500339B7C /* FirebaseVertexAI-Preview */,
				B6FED47E2C70BB3C00339B7C /* GoogleSignIn */,
				B6FED4802C70BB3C00339B7C /* GoogleSignInSwift */,
				B6E656972C93837700350D98 /* GooglePlaces */,
				B63874FA2CB0581A006B3364 /* SwiftOpenAI */,
				B63874FC2CB059B7006B3364 /* SwiftOpenAI */,
				B63874FF2CB06838006B3364 /* SwiftOpenAI */,
				B63875012CB09A22006B3364 /* SwiftOpenAI */,
				B63875042CB09A3F006B3364 /* SwiftOpenAI */,
				B60F8AA22CB5D55300268D75 /* Lottie */,
				B60F8AB22CB7DAE800268D75 /* GoogleMaps */,
				B66D67812CC059D200F70A56 /* ActivityIndicatorView */,
				B6595B6F2CD0E1BF004816E8 /* Alamofire */,
			);
			productName = NeoLingua;
			productReference = B6FED3B82C70B3BB00339B7C /* NeoLingua.app */;
			productType = "com.apple.product-type.application";
		};
/* End PBXNativeTarget section */

/* Begin PBXProject section */
		B6FED3B02C70B3BB00339B7C /* Project object */ = {
			isa = PBXProject;
			attributes = {
				BuildIndependentTargetsInParallel = 1;
				LastSwiftUpdateCheck = 1520;
				LastUpgradeCheck = 1520;
				TargetAttributes = {
					B6FED3B72C70B3BB00339B7C = {
						CreatedOnToolsVersion = 15.2;
					};
				};
			};
			buildConfigurationList = B6FED3B32C70B3BB00339B7C /* Build configuration list for PBXProject "NeoLingua" */;
			compatibilityVersion = "Xcode 14.0";
			developmentRegion = en;
			hasScannedForEncodings = 0;
			knownRegions = (
				en,
				Base,
			);
			mainGroup = B6FED3AF2C70B3BB00339B7C;
			packageReferences = (
				B6FED44C2C70B96500339B7C /* XCRemoteSwiftPackageReference "firebase-ios-sdk" */,
				B6FED47D2C70BB3C00339B7C /* XCRemoteSwiftPackageReference "GoogleSignIn-iOS" */,
				B6E656962C93837700350D98 /* XCRemoteSwiftPackageReference "ios-places-sdk" */,
				B63875032CB09A3F006B3364 /* XCRemoteSwiftPackageReference "SwiftOpenAI" */,
				B60F8AA12CB5D55300268D75 /* XCRemoteSwiftPackageReference "lottie-spm" */,
				B60F8AB12CB7DAE700268D75 /* XCRemoteSwiftPackageReference "ios-maps-sdk" */,
				B66D67802CC059D200F70A56 /* XCRemoteSwiftPackageReference "ActivityIndicatorView" */,
				B6595B6E2CD0E1BF004816E8 /* XCRemoteSwiftPackageReference "Alamofire" */,
			);
			productRefGroup = B6FED3B92C70B3BB00339B7C /* Products */;
			projectDirPath = "";
			projectRoot = "";
			targets = (
				B6FED3B72C70B3BB00339B7C /* NeoLingua */,
			);
		};
/* End PBXProject section */

/* Begin PBXResourcesBuildPhase section */
		B6FED3B62C70B3BB00339B7C /* Resources */ = {
			isa = PBXResourcesBuildPhase;
			buildActionMask = 2147483647;
			files = (
				B6FED3C32C70B3C200339B7C /* Preview Assets.xcassets in Resources */,
				B6EB6D0A2CA4042A0055FD67 /* Env-Properties.plist in Resources */,
				B6FED3C02C70B3C200339B7C /* Assets.xcassets in Resources */,
				B60F8AA92CB5DDF000268D75 /* checkAnimation.json in Resources */,
				B6FED48E2C70C04700339B7C /* GoogleService-Info.plist in Resources */,
			);
			runOnlyForDeploymentPostprocessing = 0;
		};
/* End PBXResourcesBuildPhase section */

/* Begin PBXSourcesBuildPhase section */
		B6FED3B42C70B3BB00339B7C /* Sources */ = {
			isa = PBXSourcesBuildPhase;
			buildActionMask = 2147483647;
			files = (
				B60F8AD12CBD0A6700268D75 /* VocabularyTrainingPageViewModel.swift in Sources */,
				B6ADD6E02CDE2DCB00572F66 /* UserStatsDashboardPageViewModel.swift in Sources */,
				B66D67842CC05FCB00F70A56 /* ActivityIndicatorModifier.swift in Sources */,
				B60F8AC12CBAB82100268D75 /* ResultSheetView.swift in Sources */,
				B66D67882CC2A13900F70A56 /* TestData.swift in Sources */,
				B6FA77E62CA44D0500C52F73 /* LoginSignupNetworkAdapter.swift in Sources */,
				B6FA77E52CA44CFF00C52F73 /* LoginPageViewModel.swift in Sources */,
				B60F8ADB2CBDA9F700268D75 /* ConversationSimulationPage.swift in Sources */,
				B60F8AD62CBD10BC00268D75 /* ListeningComprehensionPageViewModel.swift in Sources */,
				B60F8AD32CBD108F00268D75 /* ListeningComprehensionPage.swift in Sources */,
				B6401FEC2CD4EA1F00A6FEA9 /* ConversationEvaluationView.swift in Sources */,
				B609EEDB2CC7E1B700A029E8 /* ImageBasedLearningPage.swift in Sources */,
				B6FA77E42CA44CFB00C52F73 /* LoginPage.swift in Sources */,
				B6EB6D382CA416A70055FD67 /* SecondaryButton.swift in Sources */,
				B6ADD6DD2CDE2DA700572F66 /* UserStatsDashboardPage.swift in Sources */,
				B60F8AB02CB7D8E200268D75 /* ScavengerHuntMap.swift in Sources */,
				B6FA77EE2CA4A0A000C52F73 /* UserDataManager.swift in Sources */,
				B61ED9E32CD62D1C00E71258 /* ImageBasedTaskNearMePageViewModel.swift in Sources */,
				B651F3FA2CCFC95300471D78 /* ListeningTaskEvaluationView.swift in Sources */,
				B609EEEC2CC83F3100A029E8 /* LinguaQuestPage.swift in Sources */,
				B6FA77C32CA4190200C52F73 /* OnboardingPage.swift in Sources */,
				B68ECA492CDA58B200DDD17D /* LeaderboardPageViewModel.swift in Sources */,
				B6FED4912C71F11B00339B7C /* LearningOverviewPage.swift in Sources */,
				B6EB6D342CA416800055FD67 /* BasicInputField.swift in Sources */,
				B6A562012CC528860008C05C /* ListeningComprehensionManager.swift in Sources */,
				B6FA77DE2CA41AC600C52F73 /* ViewExtension.swift in Sources */,
				B6EB6D262CA414B80055FD67 /* HomePage.swift in Sources */,
				B60F8AEA2CBFE85300268D75 /* ConversationResponse.swift in Sources */,
				B6E6569A2C9389C700350D98 /* LocationManager.swift in Sources */,
				B6FED3BC2C70B3BB00339B7C /* NeoLinguaApp.swift in Sources */,
				B6FA77D32CA419F000C52F73 /* SignupPage.swift in Sources */,
				B6A562032CC5396A0008C05C /* ListeningExercise.swift in Sources */,
				B60F8AB52CB7E85A00268D75 /* PointOfInterest.swift in Sources */,
				B61ED9DF2CD6152C00E71258 /* ShareImageForTaskPageViewModel.swift in Sources */,
				B6EB6D2C2CA415240055FD67 /* AccountPageViewModel.swift in Sources */,
				B6EB6D2A2CA415090055FD67 /* AccountPage.swift in Sources */,
				B60F8AE12CBE6B9200268D75 /* OpenAIServiceProvider.swift in Sources */,
				B609EEEE2CC83F7B00A029E8 /* LinguaQuestPageViewModel.swift in Sources */,
				B609EEF42CC93F6E00A029E8 /* TaskProcessManager.swift in Sources */,
				B61ED9DD2CD6151E00E71258 /* ShareImageForTaskPage.swift in Sources */,
				B6FA77EC2CA49E8A00C52F73 /* SignupUserDataPageViewModel.swift in Sources */,
				B68ECA422CDA32A100DDD17D /* LevelOfLanguage.swift in Sources */,
				B6FA77D52CA419FF00C52F73 /* SignupPageViewModel.swift in Sources */,
				B60F8AAE2CB7D7BB00268D75 /* MapViewControllerBridge.swift in Sources */,
				B609EED82CC79C3800A029E8 /* TaskLocationPageViewModel.swift in Sources */,
				B609EED12CC6A6A600A029E8 /* ScavengerHuntManager.swift in Sources */,
				B6EB6D282CA414CE0055FD67 /* HomePageViewModel.swift in Sources */,
				B6FA77D72CA41A4500C52F73 /* AppDelegate.swift in Sources */,
				B6FA77C52CA4192600C52F73 /* OnboardingPageViewModel.swift in Sources */,
				B60F8AE32CBFC36E00268D75 /* AudioPlayer.swift in Sources */,
				B6FA77E22CA41AEA00C52F73 /* EnvProperties.swift in Sources */,
				B60F8AD82CBD55CF00268D75 /* AudioPlayerView.swift in Sources */,
				B6FA77EA2CA49E7D00C52F73 /* SignupUserDataPage.swift in Sources */,
				B6A561FD2CC46C520008C05C /* WritingTaskPage.swift in Sources */,
				B66D67862CC25BDF00F70A56 /* VocabularyManager.swift in Sources */,
				B60F8AE82CBFE7B300268D75 /* RoleOptionsResponse.swift in Sources */,
				B6FA77E02CA41ADB00C52F73 /* Router.swift in Sources */,
				B60F8ABB2CBA9D8600268D75 /* ScavengerHuntOverviewPageViewModel.swift in Sources */,
				B60F8ADD2CBDAA0C00268D75 /* ConversationSimulationPageViewModel.swift in Sources */,
				B6FA77D92CA41A7B00C52F73 /* PageHeader.swift in Sources */,
				B6FED4932C71F12600339B7C /* LearningOverviewPageView.swift in Sources */,
				B609EEE22CC8359B00A029E8 /* SnapVocabularyPage.swift in Sources */,
				B6FA77C92CA4197800C52F73 /* OnboardingContent.swift in Sources */,
				B6FED4962C71F3BD00339B7C /* ContextAwarePage.swift in Sources */,
				B609EED62CC79A4300A029E8 /* TaskLocationPage.swift in Sources */,
				B6595B722CD0EB38004816E8 /* CameraView.swift in Sources */,
				B61ED9E12CD62CF700E71258 /* ImageBasedTaskNearMePage.swift in Sources */,
				B6FA77DC2CA41AAD00C52F73 /* Styleguide.swift in Sources */,
				B609EEDD2CC7E1CC00A029E8 /* ImageBasedLearningPageViewModel.swift in Sources */,
				B6A561FF2CC46C830008C05C /* WritingTaskPageViewModel.swift in Sources */,
				B609EEE72CC83D4400A029E8 /* EducationalGames.swift in Sources */,
				B60F8AC32CBAB84F00268D75 /* ResultSheetViewModel.swift in Sources */,
				B609EEE42CC835AD00A029E8 /* SnapVocabularyPageViewModel.swift in Sources */,
				B68ECA442CDA414C00DDD17D /* UserDefaultsExtension.swift in Sources */,
				B60F8AA02CB5CC2600268D75 /* SignupSuccessPage.swift in Sources */,
				B60F8ACF2CBD09DB00268D75 /* VocabularyTrainingPage.swift in Sources */,
				B609EEF02CC8FD0C00A029E8 /* ImageBasedTask.swift in Sources */,
				B6585AD12CCE7D3000B47299 /* ImageProcessingManager.swift in Sources */,
				B60F8ACD2CBC8AF800268D75 /* VocabularyTraining.swift in Sources */,
				B6FED4982C71F3D200339B7C /* ContextAwarePageView.swift in Sources */,
				B60F8AB92CB8196300268D75 /* ScavengerHuntOverviewPage.swift in Sources */,
				B609EEE92CC83D5D00A029E8 /* EducationalGamesPageViewModel.swift in Sources */,
				B6FA77C72CA4196500C52F73 /* OnboardingNetworkAdapter.swift in Sources */,
				B61D30F92CDB6E950095CBC7 /* LeaderboardService.swift in Sources */,
				B60F8AE52CBFE76200268D75 /* ConversationSimulationManager.swift in Sources */,
				B609EEF22CC910FD00A029E8 /* MultipleChoiceView.swift in Sources */,
				B609EED32CC6FAA700A029E8 /* ScavengerHuntMapViewModel.swift in Sources */,
				B60F8ACB2CBC854000268D75 /* SentenceBuildingView.swift in Sources */,
				B68ECA472CDA58A300DDD17D /* LeaderboardPage.swift in Sources */,
				B60F8ABE2CBAB7ED00268D75 /* WriteVocabularyView.swift in Sources */,
				B6EB6D362CA416950055FD67 /* PrimaryButton.swift in Sources */,
				B60F8ADF2CBDCDDD00268D75 /* SpeechRecognizer.swift in Sources */,
				B6EB6D322CA416670055FD67 /* ChipView.swift in Sources */,
				B60F8AAC2CB7D77900268D75 /* MapViewController.swift in Sources */,
				B687450C2CD766640085AFE1 /* AsyncImageView.swift in Sources */,
			);
			runOnlyForDeploymentPostprocessing = 0;
		};
/* End PBXSourcesBuildPhase section */

/* Begin XCBuildConfiguration section */
		B6FED3C42C70B3C200339B7C /* Debug */ = {
			isa = XCBuildConfiguration;
			buildSettings = {
				ALWAYS_SEARCH_USER_PATHS = NO;
				ASSETCATALOG_COMPILER_GENERATE_SWIFT_ASSET_SYMBOL_EXTENSIONS = YES;
				CLANG_ANALYZER_NONNULL = YES;
				CLANG_ANALYZER_NUMBER_OBJECT_CONVERSION = YES_AGGRESSIVE;
				CLANG_CXX_LANGUAGE_STANDARD = "gnu++20";
				CLANG_ENABLE_MODULES = YES;
				CLANG_ENABLE_OBJC_ARC = YES;
				CLANG_ENABLE_OBJC_WEAK = YES;
				CLANG_WARN_BLOCK_CAPTURE_AUTORELEASING = YES;
				CLANG_WARN_BOOL_CONVERSION = YES;
				CLANG_WARN_COMMA = YES;
				CLANG_WARN_CONSTANT_CONVERSION = YES;
				CLANG_WARN_DEPRECATED_OBJC_IMPLEMENTATIONS = YES;
				CLANG_WARN_DIRECT_OBJC_ISA_USAGE = YES_ERROR;
				CLANG_WARN_DOCUMENTATION_COMMENTS = YES;
				CLANG_WARN_EMPTY_BODY = YES;
				CLANG_WARN_ENUM_CONVERSION = YES;
				CLANG_WARN_INFINITE_RECURSION = YES;
				CLANG_WARN_INT_CONVERSION = YES;
				CLANG_WARN_NON_LITERAL_NULL_CONVERSION = YES;
				CLANG_WARN_OBJC_IMPLICIT_RETAIN_SELF = YES;
				CLANG_WARN_OBJC_LITERAL_CONVERSION = YES;
				CLANG_WARN_OBJC_ROOT_CLASS = YES_ERROR;
				CLANG_WARN_QUOTED_INCLUDE_IN_FRAMEWORK_HEADER = YES;
				CLANG_WARN_RANGE_LOOP_ANALYSIS = YES;
				CLANG_WARN_STRICT_PROTOTYPES = YES;
				CLANG_WARN_SUSPICIOUS_MOVE = YES;
				CLANG_WARN_UNGUARDED_AVAILABILITY = YES_AGGRESSIVE;
				CLANG_WARN_UNREACHABLE_CODE = YES;
				CLANG_WARN__DUPLICATE_METHOD_MATCH = YES;
				COPY_PHASE_STRIP = NO;
				DEBUG_INFORMATION_FORMAT = dwarf;
				ENABLE_STRICT_OBJC_MSGSEND = YES;
				ENABLE_TESTABILITY = YES;
				ENABLE_USER_SCRIPT_SANDBOXING = YES;
				GCC_C_LANGUAGE_STANDARD = gnu17;
				GCC_DYNAMIC_NO_PIC = NO;
				GCC_NO_COMMON_BLOCKS = YES;
				GCC_OPTIMIZATION_LEVEL = 0;
				GCC_PREPROCESSOR_DEFINITIONS = (
					"DEBUG=1",
					"$(inherited)",
				);
				GCC_WARN_64_TO_32_BIT_CONVERSION = YES;
				GCC_WARN_ABOUT_RETURN_TYPE = YES_ERROR;
				GCC_WARN_UNDECLARED_SELECTOR = YES;
				GCC_WARN_UNINITIALIZED_AUTOS = YES_AGGRESSIVE;
				GCC_WARN_UNUSED_FUNCTION = YES;
				GCC_WARN_UNUSED_VARIABLE = YES;
				IPHONEOS_DEPLOYMENT_TARGET = 17.2;
				LOCALIZATION_PREFERS_STRING_CATALOGS = YES;
				MTL_ENABLE_DEBUG_INFO = INCLUDE_SOURCE;
				MTL_FAST_MATH = YES;
				ONLY_ACTIVE_ARCH = YES;
				SDKROOT = iphoneos;
				SWIFT_ACTIVE_COMPILATION_CONDITIONS = "DEBUG $(inherited)";
				SWIFT_OPTIMIZATION_LEVEL = "-Onone";
			};
			name = Debug;
		};
		B6FED3C52C70B3C200339B7C /* Release */ = {
			isa = XCBuildConfiguration;
			buildSettings = {
				ALWAYS_SEARCH_USER_PATHS = NO;
				ASSETCATALOG_COMPILER_GENERATE_SWIFT_ASSET_SYMBOL_EXTENSIONS = YES;
				CLANG_ANALYZER_NONNULL = YES;
				CLANG_ANALYZER_NUMBER_OBJECT_CONVERSION = YES_AGGRESSIVE;
				CLANG_CXX_LANGUAGE_STANDARD = "gnu++20";
				CLANG_ENABLE_MODULES = YES;
				CLANG_ENABLE_OBJC_ARC = YES;
				CLANG_ENABLE_OBJC_WEAK = YES;
				CLANG_WARN_BLOCK_CAPTURE_AUTORELEASING = YES;
				CLANG_WARN_BOOL_CONVERSION = YES;
				CLANG_WARN_COMMA = YES;
				CLANG_WARN_CONSTANT_CONVERSION = YES;
				CLANG_WARN_DEPRECATED_OBJC_IMPLEMENTATIONS = YES;
				CLANG_WARN_DIRECT_OBJC_ISA_USAGE = YES_ERROR;
				CLANG_WARN_DOCUMENTATION_COMMENTS = YES;
				CLANG_WARN_EMPTY_BODY = YES;
				CLANG_WARN_ENUM_CONVERSION = YES;
				CLANG_WARN_INFINITE_RECURSION = YES;
				CLANG_WARN_INT_CONVERSION = YES;
				CLANG_WARN_NON_LITERAL_NULL_CONVERSION = YES;
				CLANG_WARN_OBJC_IMPLICIT_RETAIN_SELF = YES;
				CLANG_WARN_OBJC_LITERAL_CONVERSION = YES;
				CLANG_WARN_OBJC_ROOT_CLASS = YES_ERROR;
				CLANG_WARN_QUOTED_INCLUDE_IN_FRAMEWORK_HEADER = YES;
				CLANG_WARN_RANGE_LOOP_ANALYSIS = YES;
				CLANG_WARN_STRICT_PROTOTYPES = YES;
				CLANG_WARN_SUSPICIOUS_MOVE = YES;
				CLANG_WARN_UNGUARDED_AVAILABILITY = YES_AGGRESSIVE;
				CLANG_WARN_UNREACHABLE_CODE = YES;
				CLANG_WARN__DUPLICATE_METHOD_MATCH = YES;
				COPY_PHASE_STRIP = NO;
				DEBUG_INFORMATION_FORMAT = "dwarf-with-dsym";
				ENABLE_NS_ASSERTIONS = NO;
				ENABLE_STRICT_OBJC_MSGSEND = YES;
				ENABLE_USER_SCRIPT_SANDBOXING = YES;
				GCC_C_LANGUAGE_STANDARD = gnu17;
				GCC_NO_COMMON_BLOCKS = YES;
				GCC_WARN_64_TO_32_BIT_CONVERSION = YES;
				GCC_WARN_ABOUT_RETURN_TYPE = YES_ERROR;
				GCC_WARN_UNDECLARED_SELECTOR = YES;
				GCC_WARN_UNINITIALIZED_AUTOS = YES_AGGRESSIVE;
				GCC_WARN_UNUSED_FUNCTION = YES;
				GCC_WARN_UNUSED_VARIABLE = YES;
				IPHONEOS_DEPLOYMENT_TARGET = 17.2;
				LOCALIZATION_PREFERS_STRING_CATALOGS = YES;
				MTL_ENABLE_DEBUG_INFO = NO;
				MTL_FAST_MATH = YES;
				SDKROOT = iphoneos;
				SWIFT_COMPILATION_MODE = wholemodule;
				VALIDATE_PRODUCT = YES;
			};
			name = Release;
		};
		B6FED3C72C70B3C200339B7C /* Debug */ = {
			isa = XCBuildConfiguration;
			buildSettings = {
				ASSETCATALOG_COMPILER_APPICON_NAME = AppIcon;
				ASSETCATALOG_COMPILER_GLOBAL_ACCENT_COLOR_NAME = AccentColor;
				CODE_SIGN_STYLE = Automatic;
				CURRENT_PROJECT_VERSION = 1;
				DEVELOPMENT_ASSET_PATHS = "\"NeoLingua/Preview Content\"";
				DEVELOPMENT_TEAM = ZHUB5Y443W;
				ENABLE_PREVIEWS = YES;
				GENERATE_INFOPLIST_FILE = YES;
				INFOPLIST_FILE = NeoLingua/Info.plist;
				INFOPLIST_KEY_NSLocationAlwaysUsageDescription = "Show your location on the map";
				INFOPLIST_KEY_UIApplicationSceneManifest_Generation = YES;
				INFOPLIST_KEY_UIApplicationSupportsIndirectInputEvents = YES;
				INFOPLIST_KEY_UILaunchScreen_Generation = YES;
				INFOPLIST_KEY_UISupportedInterfaceOrientations_iPad = "UIInterfaceOrientationPortrait UIInterfaceOrientationPortraitUpsideDown UIInterfaceOrientationLandscapeLeft UIInterfaceOrientationLandscapeRight";
				INFOPLIST_KEY_UISupportedInterfaceOrientations_iPhone = "UIInterfaceOrientationPortrait UIInterfaceOrientationLandscapeLeft UIInterfaceOrientationLandscapeRight";
				LD_RUNPATH_SEARCH_PATHS = (
					"$(inherited)",
					"@executable_path/Frameworks",
				);
				MARKETING_VERSION = 1.0;
				PRODUCT_BUNDLE_IDENTIFIER = hsrm.NeoLingua;
				PRODUCT_NAME = "$(TARGET_NAME)";
				SWIFT_EMIT_LOC_STRINGS = YES;
				SWIFT_VERSION = 5.0;
				TARGETED_DEVICE_FAMILY = "1,2";
			};
			name = Debug;
		};
		B6FED3C82C70B3C200339B7C /* Release */ = {
			isa = XCBuildConfiguration;
			buildSettings = {
				ASSETCATALOG_COMPILER_APPICON_NAME = AppIcon;
				ASSETCATALOG_COMPILER_GLOBAL_ACCENT_COLOR_NAME = AccentColor;
				CODE_SIGN_STYLE = Automatic;
				CURRENT_PROJECT_VERSION = 1;
				DEVELOPMENT_ASSET_PATHS = "\"NeoLingua/Preview Content\"";
				DEVELOPMENT_TEAM = ZHUB5Y443W;
				ENABLE_PREVIEWS = YES;
				GENERATE_INFOPLIST_FILE = YES;
				INFOPLIST_FILE = NeoLingua/Info.plist;
				INFOPLIST_KEY_NSLocationAlwaysUsageDescription = "Show your location on the map";
				INFOPLIST_KEY_UIApplicationSceneManifest_Generation = YES;
				INFOPLIST_KEY_UIApplicationSupportsIndirectInputEvents = YES;
				INFOPLIST_KEY_UILaunchScreen_Generation = YES;
				INFOPLIST_KEY_UISupportedInterfaceOrientations_iPad = "UIInterfaceOrientationPortrait UIInterfaceOrientationPortraitUpsideDown UIInterfaceOrientationLandscapeLeft UIInterfaceOrientationLandscapeRight";
				INFOPLIST_KEY_UISupportedInterfaceOrientations_iPhone = "UIInterfaceOrientationPortrait UIInterfaceOrientationLandscapeLeft UIInterfaceOrientationLandscapeRight";
				LD_RUNPATH_SEARCH_PATHS = (
					"$(inherited)",
					"@executable_path/Frameworks",
				);
				MARKETING_VERSION = 1.0;
				PRODUCT_BUNDLE_IDENTIFIER = hsrm.NeoLingua;
				PRODUCT_NAME = "$(TARGET_NAME)";
				SWIFT_EMIT_LOC_STRINGS = YES;
				SWIFT_VERSION = 5.0;
				TARGETED_DEVICE_FAMILY = "1,2";
			};
			name = Release;
		};
/* End XCBuildConfiguration section */

/* Begin XCConfigurationList section */
		B6FED3B32C70B3BB00339B7C /* Build configuration list for PBXProject "NeoLingua" */ = {
			isa = XCConfigurationList;
			buildConfigurations = (
				B6FED3C42C70B3C200339B7C /* Debug */,
				B6FED3C52C70B3C200339B7C /* Release */,
			);
			defaultConfigurationIsVisible = 0;
			defaultConfigurationName = Release;
		};
		B6FED3C62C70B3C200339B7C /* Build configuration list for PBXNativeTarget "NeoLingua" */ = {
			isa = XCConfigurationList;
			buildConfigurations = (
				B6FED3C72C70B3C200339B7C /* Debug */,
				B6FED3C82C70B3C200339B7C /* Release */,
			);
			defaultConfigurationIsVisible = 0;
			defaultConfigurationName = Release;
		};
/* End XCConfigurationList section */

/* Begin XCRemoteSwiftPackageReference section */
		B60F8AA12CB5D55300268D75 /* XCRemoteSwiftPackageReference "lottie-spm" */ = {
			isa = XCRemoteSwiftPackageReference;
			repositoryURL = "https://github.com/airbnb/lottie-spm.git";
			requirement = {
				kind = upToNextMajorVersion;
				minimumVersion = 4.5.0;
			};
		};
		B60F8AB12CB7DAE700268D75 /* XCRemoteSwiftPackageReference "ios-maps-sdk" */ = {
			isa = XCRemoteSwiftPackageReference;
			repositoryURL = "https://github.com/googlemaps/ios-maps-sdk";
			requirement = {
				kind = exactVersion;
				version = 9.1.1;
			};
		};
		B63875032CB09A3F006B3364 /* XCRemoteSwiftPackageReference "SwiftOpenAI" */ = {
			isa = XCRemoteSwiftPackageReference;
			repositoryURL = "https://github.com/jamesrochabrun/SwiftOpenAI";
			requirement = {
				branch = main;
				kind = branch;
			};
		};
		B6595B6E2CD0E1BF004816E8 /* XCRemoteSwiftPackageReference "Alamofire" */ = {
			isa = XCRemoteSwiftPackageReference;
			repositoryURL = "https://github.com/Alamofire/Alamofire.git";
			requirement = {
				kind = upToNextMajorVersion;
				minimumVersion = 5.10.0;
			};
		};
		B66D67802CC059D200F70A56 /* XCRemoteSwiftPackageReference "ActivityIndicatorView" */ = {
			isa = XCRemoteSwiftPackageReference;
			repositoryURL = "https://github.com/exyte/ActivityIndicatorView.git";
			requirement = {
				kind = upToNextMajorVersion;
				minimumVersion = 1.1.1;
			};
		};
		B6E656962C93837700350D98 /* XCRemoteSwiftPackageReference "ios-places-sdk" */ = {
			isa = XCRemoteSwiftPackageReference;
			repositoryURL = "https://github.com/googlemaps/ios-places-sdk";
			requirement = {
				kind = upToNextMajorVersion;
				minimumVersion = 9.1.0;
			};
		};
		B6FED44C2C70B96500339B7C /* XCRemoteSwiftPackageReference "firebase-ios-sdk" */ = {
			isa = XCRemoteSwiftPackageReference;
			repositoryURL = "https://github.com/firebase/firebase-ios-sdk.git";
			requirement = {
				kind = upToNextMajorVersion;
				minimumVersion = 11.0.0;
			};
		};
		B6FED47D2C70BB3C00339B7C /* XCRemoteSwiftPackageReference "GoogleSignIn-iOS" */ = {
			isa = XCRemoteSwiftPackageReference;
			repositoryURL = "https://github.com/google/GoogleSignIn-iOS.git";
			requirement = {
				kind = upToNextMajorVersion;
				minimumVersion = 8.0.0;
			};
		};
/* End XCRemoteSwiftPackageReference section */

/* Begin XCSwiftPackageProductDependency section */
		B60F8AA22CB5D55300268D75 /* Lottie */ = {
			isa = XCSwiftPackageProductDependency;
			package = B60F8AA12CB5D55300268D75 /* XCRemoteSwiftPackageReference "lottie-spm" */;
			productName = Lottie;
		};
		B60F8AB22CB7DAE800268D75 /* GoogleMaps */ = {
			isa = XCSwiftPackageProductDependency;
			package = B60F8AB12CB7DAE700268D75 /* XCRemoteSwiftPackageReference "ios-maps-sdk" */;
			productName = GoogleMaps;
		};
		B63874FA2CB0581A006B3364 /* SwiftOpenAI */ = {
			isa = XCSwiftPackageProductDependency;
			productName = SwiftOpenAI;
		};
		B63874FC2CB059B7006B3364 /* SwiftOpenAI */ = {
			isa = XCSwiftPackageProductDependency;
			productName = SwiftOpenAI;
		};
		B63874FF2CB06838006B3364 /* SwiftOpenAI */ = {
			isa = XCSwiftPackageProductDependency;
			productName = SwiftOpenAI;
		};
		B63875012CB09A22006B3364 /* SwiftOpenAI */ = {
			isa = XCSwiftPackageProductDependency;
			productName = SwiftOpenAI;
		};
		B63875042CB09A3F006B3364 /* SwiftOpenAI */ = {
			isa = XCSwiftPackageProductDependency;
			package = B63875032CB09A3F006B3364 /* XCRemoteSwiftPackageReference "SwiftOpenAI" */;
			productName = SwiftOpenAI;
		};
		B6595B6F2CD0E1BF004816E8 /* Alamofire */ = {
			isa = XCSwiftPackageProductDependency;
			package = B6595B6E2CD0E1BF004816E8 /* XCRemoteSwiftPackageReference "Alamofire" */;
			productName = Alamofire;
		};
		B66D67812CC059D200F70A56 /* ActivityIndicatorView */ = {
			isa = XCSwiftPackageProductDependency;
			package = B66D67802CC059D200F70A56 /* XCRemoteSwiftPackageReference "ActivityIndicatorView" */;
			productName = ActivityIndicatorView;
		};
		B6E656972C93837700350D98 /* GooglePlaces */ = {
			isa = XCSwiftPackageProductDependency;
			package = B6E656962C93837700350D98 /* XCRemoteSwiftPackageReference "ios-places-sdk" */;
			productName = GooglePlaces;
		};
		B6FED44D2C70B96500339B7C /* FirebaseAnalytics */ = {
			isa = XCSwiftPackageProductDependency;
			package = B6FED44C2C70B96500339B7C /* XCRemoteSwiftPackageReference "firebase-ios-sdk" */;
			productName = FirebaseAnalytics;
		};
		B6FED4532C70B96500339B7C /* FirebaseAppCheck */ = {
			isa = XCSwiftPackageProductDependency;
			package = B6FED44C2C70B96500339B7C /* XCRemoteSwiftPackageReference "firebase-ios-sdk" */;
			productName = FirebaseAppCheck;
		};
		B6FED4552C70B96500339B7C /* FirebaseAppDistribution-Beta */ = {
			isa = XCSwiftPackageProductDependency;
			package = B6FED44C2C70B96500339B7C /* XCRemoteSwiftPackageReference "firebase-ios-sdk" */;
			productName = "FirebaseAppDistribution-Beta";
		};
		B6FED4572C70B96500339B7C /* FirebaseAuth */ = {
			isa = XCSwiftPackageProductDependency;
			package = B6FED44C2C70B96500339B7C /* XCRemoteSwiftPackageReference "firebase-ios-sdk" */;
			productName = FirebaseAuth;
		};
		B6FED4592C70B96500339B7C /* FirebaseAuthCombine-Community */ = {
			isa = XCSwiftPackageProductDependency;
			package = B6FED44C2C70B96500339B7C /* XCRemoteSwiftPackageReference "firebase-ios-sdk" */;
			productName = "FirebaseAuthCombine-Community";
		};
		B6FED45B2C70B96500339B7C /* FirebaseCrashlytics */ = {
			isa = XCSwiftPackageProductDependency;
			package = B6FED44C2C70B96500339B7C /* XCRemoteSwiftPackageReference "firebase-ios-sdk" */;
			productName = FirebaseCrashlytics;
		};
		B6FED45D2C70B96500339B7C /* FirebaseDatabase */ = {
			isa = XCSwiftPackageProductDependency;
			package = B6FED44C2C70B96500339B7C /* XCRemoteSwiftPackageReference "firebase-ios-sdk" */;
			productName = FirebaseDatabase;
		};
		B6FED45F2C70B96500339B7C /* FirebaseDynamicLinks */ = {
			isa = XCSwiftPackageProductDependency;
			package = B6FED44C2C70B96500339B7C /* XCRemoteSwiftPackageReference "firebase-ios-sdk" */;
			productName = FirebaseDynamicLinks;
		};
		B6FED4612C70B96500339B7C /* FirebaseFirestore */ = {
			isa = XCSwiftPackageProductDependency;
			package = B6FED44C2C70B96500339B7C /* XCRemoteSwiftPackageReference "firebase-ios-sdk" */;
			productName = FirebaseFirestore;
		};
		B6FED4652C70B96500339B7C /* FirebaseFunctions */ = {
			isa = XCSwiftPackageProductDependency;
			package = B6FED44C2C70B96500339B7C /* XCRemoteSwiftPackageReference "firebase-ios-sdk" */;
			productName = FirebaseFunctions;
		};
		B6FED46B2C70B96500339B7C /* FirebaseInstallations */ = {
			isa = XCSwiftPackageProductDependency;
			package = B6FED44C2C70B96500339B7C /* XCRemoteSwiftPackageReference "firebase-ios-sdk" */;
			productName = FirebaseInstallations;
		};
		B6FED46D2C70B96500339B7C /* FirebaseMLModelDownloader */ = {
			isa = XCSwiftPackageProductDependency;
			package = B6FED44C2C70B96500339B7C /* XCRemoteSwiftPackageReference "firebase-ios-sdk" */;
			productName = FirebaseMLModelDownloader;
		};
		B6FED46F2C70B96500339B7C /* FirebaseMessaging */ = {
			isa = XCSwiftPackageProductDependency;
			package = B6FED44C2C70B96500339B7C /* XCRemoteSwiftPackageReference "firebase-ios-sdk" */;
			productName = FirebaseMessaging;
		};
		B6FED4712C70B96500339B7C /* FirebasePerformance */ = {
			isa = XCSwiftPackageProductDependency;
			package = B6FED44C2C70B96500339B7C /* XCRemoteSwiftPackageReference "firebase-ios-sdk" */;
			productName = FirebasePerformance;
		};
		B6FED4732C70B96500339B7C /* FirebaseRemoteConfig */ = {
			isa = XCSwiftPackageProductDependency;
			package = B6FED44C2C70B96500339B7C /* XCRemoteSwiftPackageReference "firebase-ios-sdk" */;
			productName = FirebaseRemoteConfig;
		};
		B6FED4752C70B96500339B7C /* FirebaseStorage */ = {
			isa = XCSwiftPackageProductDependency;
			package = B6FED44C2C70B96500339B7C /* XCRemoteSwiftPackageReference "firebase-ios-sdk" */;
			productName = FirebaseStorage;
		};
		B6FED4772C70B96500339B7C /* FirebaseStorageCombine-Community */ = {
			isa = XCSwiftPackageProductDependency;
			package = B6FED44C2C70B96500339B7C /* XCRemoteSwiftPackageReference "firebase-ios-sdk" */;
			productName = "FirebaseStorageCombine-Community";
		};
		B6FED4792C70B96500339B7C /* FirebaseVertexAI-Preview */ = {
			isa = XCSwiftPackageProductDependency;
			package = B6FED44C2C70B96500339B7C /* XCRemoteSwiftPackageReference "firebase-ios-sdk" */;
			productName = "FirebaseVertexAI-Preview";
		};
		B6FED47E2C70BB3C00339B7C /* GoogleSignIn */ = {
			isa = XCSwiftPackageProductDependency;
			package = B6FED47D2C70BB3C00339B7C /* XCRemoteSwiftPackageReference "GoogleSignIn-iOS" */;
			productName = GoogleSignIn;
		};
		B6FED4802C70BB3C00339B7C /* GoogleSignInSwift */ = {
			isa = XCSwiftPackageProductDependency;
			package = B6FED47D2C70BB3C00339B7C /* XCRemoteSwiftPackageReference "GoogleSignIn-iOS" */;
			productName = GoogleSignInSwift;
		};
/* End XCSwiftPackageProductDependency section */
	};
	rootObject = B6FED3B02C70B3BB00339B7C /* Project object */;
}
